
Microsoft Visual Studio Solution File, Format Version 12.00
# Visual Studio Version 17
VisualStudioVersion = 17.12.35707.178
MinimumVisualStudioVersion = 10.0.40219.1
Project("{2150E333-8FDC-42A3-9474-1A3956D46DE8}") = "src", "src", "{56555FB0-B513-49EF-9002-A5AF135EA090}"
EndProject
Project("{FAE04EC0-301F-11D3-BF4B-00C04F79EFBC}") = "AppsLab-001-StartHere", "src\AppsLab-001-StartHere\AppsLab-001-StartHere.csproj", "{57860CA2-0054-465E-BD1E-024FF8D81354}"
EndProject
Project("{2150E333-8FDC-42A3-9474-1A3956D46DE8}") = "tests", "tests", "{FC89E9B9-1723-4328-B6F1-00EE62E6260F}"
EndProject
Project("{FAE04EC0-301F-11D3-BF4B-00C04F79EFBC}") = "AppsLab-001-StartHere.Tests", "tests\AppsLab-001-StartHere.Tests\AppsLab-001-StartHere.Tests.csproj", "{FE64EA2A-841F-49D7-94C6-BB7E50FC972D}"
EndProject
Project("{FAE04EC0-301F-11D3-BF4B-00C04F79EFBC}") = "AppsLab-002-ConsoleWriteLine", "src\AppsLab-002-ConsoleWriteLine\AppsLab-002-ConsoleWriteLine.csproj", "{8CA6707B-A381-4131-909F-50D592953588}"
EndProject
Project("{FAE04EC0-301F-11D3-BF4B-00C04F79EFBC}") = "AppsLab-005-DataTypes", "src\AppsLab-005-DataTypes\AppsLab-005-DataTypes.csproj", "{AB306D1E-2942-4297-ACC3-2975FB8BF18F}"
EndProject
Project("{FAE04EC0-301F-11D3-BF4B-00C04F79EFBC}") = "AppsLab-006-Constants", "src\AppsLab-006-Constants\AppsLab-006-Constants.csproj", "{F1E80A4A-241C-496D-92D6-B047A0EAF030}"
EndProject
Project("{FAE04EC0-301F-11D3-BF4B-00C04F79EFBC}") = "AppsLab-007-Casting", "src\AppsLab-007-Casting\AppsLab-007-Casting.csproj", "{AEEAB66C-8B62-4844-A721-1FA49E82FDEB}"
EndProject
Project("{FAE04EC0-301F-11D3-BF4B-00C04F79EFBC}") = "AppsLab-007-Casting.Tests", "tests\AppsLab-007-Casting.Tests\AppsLab-007-Casting.Tests.csproj", "{5B78F61E-B52C-4920-BE97-42AADFAA726F}"
EndProject
Project("{FAE04EC0-301F-11D3-BF4B-00C04F79EFBC}") = "AppsLab-008-ConsoleReadLine", "src\AppsLab-008-ConsoleReadLine\AppsLab-008-ConsoleReadLine.csproj", "{5314C734-E722-4454-A772-D0F4641E1563}"
EndProject
Project("{FAE04EC0-301F-11D3-BF4B-00C04F79EFBC}") = "AppsLab-009-Operators.Tests", "tests\AppsLab-009-Operators.Tests\AppsLab-009-Operators.Tests.csproj", "{A6659FD2-5F11-432B-91B7-C64EAEAF669C}"
EndProject
Project("{FAE04EC0-301F-11D3-BF4B-00C04F79EFBC}") = "AppsLab-010-Math", "src\AppsLab-010-Math\AppsLab-010-Math.csproj", "{FD645D4C-9DC8-4603-A77B-8A4782F175F4}"
EndProject
Project("{FAE04EC0-301F-11D3-BF4B-00C04F79EFBC}") = "AppsLab-010-Math.Tests", "tests\AppsLab-010-Math.Tests\AppsLab-010-Math.Tests.csproj", "{A4527295-4BEE-4E42-8855-B0503A4515E4}"
EndProject
Project("{FAE04EC0-301F-11D3-BF4B-00C04F79EFBC}") = "AppsLab-011-Strings", "src\AppsLab-011-Strings\AppsLab-011-Strings.csproj", "{E90B0337-37CA-401C-997C-05DD11E08FEF}"
EndProject
Project("{FAE04EC0-301F-11D3-BF4B-00C04F79EFBC}") = "AppsLab-011-Strings.Tests", "tests\AppsLab-011-Strings.Tests\AppsLab-011-Strings.Tests.csproj", "{22097A4D-261D-4F21-8080-10B4DAAC9E01}"
EndProject
Project("{FAE04EC0-301F-11D3-BF4B-00C04F79EFBC}") = "AppsLab-012-Boolean", "src\AppsLab-012-Boolean\AppsLab-012-Boolean.csproj", "{EE7C6CDA-F919-4078-81DB-E4BA7F7DE34A}"
EndProject
Project("{FAE04EC0-301F-11D3-BF4B-00C04F79EFBC}") = "AppsLab-012-Boolean.Tests", "tests\AppsLab-012-Boolean.Tests\AppsLab-012-Boolean.Tests.csproj", "{E41ECA72-68B0-4B1B-8A47-39C0E5DA9B94}"
EndProject
Project("{FAE04EC0-301F-11D3-BF4B-00C04F79EFBC}") = "AppsLab-013-Conditions", "src\AppsLab-013-Conditions\AppsLab-013-Conditions.csproj", "{AD575FD0-3F7B-4CA3-B802-9430C0F61A42}"
EndProject
Project("{FAE04EC0-301F-11D3-BF4B-00C04F79EFBC}") = "AppsLab-013-Conditions.Tests", "tests\AppsLab-013-Conditions.Tests\AppsLab-013-Conditions.Tests.csproj", "{8B9BEF41-B5E2-4B56-AA43-F83249D4E639}"
EndProject
Project("{FAE04EC0-301F-11D3-BF4B-00C04F79EFBC}") = "AppsLab-014-Switch", "src\AppsLab-014-Switch\AppsLab-014-Switch.csproj", "{EBA30F52-B7DA-4B32-BE4F-6914145E2447}"
EndProject
Project("{FAE04EC0-301F-11D3-BF4B-00C04F79EFBC}") = "AppsLab-014-Switch.Tests", "tests\AppsLab-014-Switch.Tests\AppsLab-014-Switch.Tests.csproj", "{6A95C2D3-3B32-4612-A909-2F2AC223416E}"
EndProject
Project("{FAE04EC0-301F-11D3-BF4B-00C04F79EFBC}") = "AppsLab-015-Arrays", "src\AppsLab-015-Arrays\AppsLab-015-Arrays.csproj", "{DA216DFF-5EC8-4F02-9D0A-3D49212D6903}"
EndProject
Project("{FAE04EC0-301F-11D3-BF4B-00C04F79EFBC}") = "AppsLab-015-Arrays.Tests", "tests\AppsLab-015-Arrays.Tests\AppsLab-015-Arrays.Tests.csproj", "{2BBC2988-4C3C-45B7-9EA6-F47A23260F32}"
EndProject
Project("{FAE04EC0-301F-11D3-BF4B-00C04F79EFBC}") = "AppsLab-016-Loops", "src\AppsLab-016-Loops\AppsLab-016-Loops.csproj", "{2A373E5B-4048-4E70-99EE-2676D2DA9952}"
EndProject
Project("{FAE04EC0-301F-11D3-BF4B-00C04F79EFBC}") = "AppsLab-016-Loops.Tests", "tests\AppsLab-016-Loops.Tests\AppsLab-016-Loops.Tests.csproj", "{DB34DF8E-3B5B-44CC-9245-AD79F3198BD3}"
EndProject
Project("{FAE04EC0-301F-11D3-BF4B-00C04F79EFBC}") = "AppsLab-017-List", "src\AppsLab-017-List\AppsLab-017-List.csproj", "{CEAA82FA-127F-47C2-B25F-5588FB63F7D1}"
EndProject
Project("{FAE04EC0-301F-11D3-BF4B-00C04F79EFBC}") = "AppsLab-017-List.Tests", "tests\AppsLab-017-List.Tests\AppsLab-017-List.Tests.csproj", "{FCEEAC1F-D3CF-4C18-9CA3-2288B5DFAA14}"
EndProject
Project("{FAE04EC0-301F-11D3-BF4B-00C04F79EFBC}") = "AppsLab-018-Methods", "src\AppsLab-018-Methods\AppsLab-018-Methods.csproj", "{571B250E-E17D-4CD6-8778-52B838EB9DA0}"
EndProject
Project("{FAE04EC0-301F-11D3-BF4B-00C04F79EFBC}") = "AppsLab-018-Methods.Tests", "tests\AppsLab-018-Methods.Tests\AppsLab-018-Methods.Tests.csproj", "{526B06CA-4937-44F2-97FB-E85680DD7867}"
EndProject
Project("{FAE04EC0-301F-11D3-BF4B-00C04F79EFBC}") = "AppsLab-019-MethodsOverloading", "src\AppsLab-019-MethodsOverloading\AppsLab-019-MethodsOverloading.csproj", "{24D704DB-AB81-4F18-899C-910E8D45FC8B}"
EndProject
Project("{FAE04EC0-301F-11D3-BF4B-00C04F79EFBC}") = "AppsLab-019-MethodsOverloading.Tests", "tests\AppsLab-019-MethodsOverloading.Tests\AppsLab-019-MethodsOverloading.Tests.csproj", "{05E10AD6-94B3-4761-95E4-1F19E14F36D1}"
EndProject
Project("{FAE04EC0-301F-11D3-BF4B-00C04F79EFBC}") = "AppsLab-020-OOP", "src\AppsLab-020-OOP\AppsLab-020-OOP.csproj", "{8CB5085F-5996-490C-90EC-022AB4AD9CBC}"
EndProject
Project("{FAE04EC0-301F-11D3-BF4B-00C04F79EFBC}") = "AppsLab-021-Interfaces", "src\AppsLab-021-Interfaces\AppsLab-021-Interfaces.csproj", "{9E3CBBE1-9A1A-4C1C-817C-28D383D18384}"
EndProject
Project("{FAE04EC0-301F-11D3-BF4B-00C04F79EFBC}") = "AppsLab-022-Files", "src\AppsLab-022-Files\AppsLab-022-Files.csproj", "{D3BFAA25-E460-4EC1-A60C-C183775DE8CC}"
EndProject
Project("{FAE04EC0-301F-11D3-BF4B-00C04F79EFBC}") = "AppsLab-024-Events", "src\AppsLab-024-Events\AppsLab-024-Events.csproj", "{FC964C5F-0F80-4EDF-97E8-A4A20DE5492D}"
EndProject
Project("{FAE04EC0-301F-11D3-BF4B-00C04F79EFBC}") = "AppsLab-025-Lambda", "src\AppsLab-025-Lambda\AppsLab-025-Lambda.csproj", "{80DD908F-E015-4FD0-93AA-743A22E745EE}"
EndProject
Project("{FAE04EC0-301F-11D3-BF4B-00C04F79EFBC}") = "AppsLab-026-LINQ", "src\AppsLab-026-LINQ\AppsLab-026-LINQ.csproj", "{AE78C877-CE90-425B-BDDE-4951C6C3B577}"
EndProject
Project("{FAE04EC0-301F-11D3-BF4B-00C04F79EFBC}") = "AppsLab-027-Generics", "src\AppsLab-027-Generics\AppsLab-027-Generics.csproj", "{0333D249-02A9-47AD-BDA6-5FD7ABF7F066}"
EndProject
Project("{FAE04EC0-301F-11D3-BF4B-00C04F79EFBC}") = "AppsLab-028-Indexers", "src\AppsLab-028-Indexers\AppsLab-028-Indexers.csproj", "{FA0DDC17-5730-4310-A421-7668B21E1CDD}"
EndProject
Project("{FAE04EC0-301F-11D3-BF4B-00C04F79EFBC}") = "AppsLab-029-Async", "src\AppsLab-029-Async\AppsLab-029-Async.csproj", "{EC3E5278-8120-4A67-A57B-B7DE5211E12A}"
EndProject
Project("{FAE04EC0-301F-11D3-BF4B-00C04F79EFBC}") = "AppsLab-030-JSON", "src\AppsLab-030-JSON\AppsLab-030-JSON.csproj", "{4D0AE262-0F9B-4E15-B5EA-6CCB0B81FE2C}"
EndProject
Project("{FAE04EC0-301F-11D3-BF4B-00C04F79EFBC}") = "AppsLab-031-XML", "src\AppsLab-031-XML\AppsLab-031-XML.csproj", "{7BEA7878-B5BA-4480-BC56-2F7B836F64B9}"
EndProject
Project("{FAE04EC0-301F-11D3-BF4B-00C04F79EFBC}") = "AppsLab-033-NuGet", "src\AppsLab-033-NuGet\AppsLab-033-NuGet.csproj", "{38FFE1DF-4B49-40C1-9908-51860BCF2D3E}"
EndProject
Project("{FAE04EC0-301F-11D3-BF4B-00C04F79EFBC}") = "AppsLab-034-Debug", "src\AppsLab-034-Debug\AppsLab-034-Debug.csproj", "{83C963FD-DC23-46E8-9545-F56197164810}"
EndProject
Project("{2150E333-8FDC-42A3-9474-1A3956D46DE8}") = "poznamky", "poznamky", "{A4340A7D-A580-4D1E-832F-32DAD9C86DF7}"
EndProject
Project("{FAE04EC0-301F-11D3-BF4B-00C04F79EFBC}") = "ConsoleApp1", "ConsoleApp1\ConsoleApp1.csproj", "{1FAA4D67-8D51-45F3-80CB-D43004EA2702}"
EndProject
Project("{FAE04EC0-301F-11D3-BF4B-00C04F79EFBC}") = "Cvicenie cykly", "Cvicenie cykly\Cvicenie cykly.csproj", "{2B9107EC-AF68-4FC4-AA1C-79218032F9EA}"
EndProject
Project("{FAE04EC0-301F-11D3-BF4B-00C04F79EFBC}") = "Cvicenia_Polia", "Cvicenia_Polia\Cvicenia_Polia.csproj", "{77542A9C-B731-4DB3-A0C6-69ED9737AFC6}"
EndProject
Project("{FAE04EC0-301F-11D3-BF4B-00C04F79EFBC}") = "Cvicenie_subor", "Cvicenia 1\Cvicenie_subor.csproj", "{9C8AB5AA-226D-45AC-A453-3D56C3DE26B5}"
EndProject
Project("{FAE04EC0-301F-11D3-BF4B-00C04F79EFBC}") = "Cvicenie_int", "Skusanie\Cvicenie_int.csproj", "{F6914FC7-95DD-4E68-8C94-F9340D8A4396}"
EndProject
Project("{FAE04EC0-301F-11D3-BF4B-00C04F79EFBC}") = "Cvicenie_list", "Listy\Cvicenie_list.csproj", "{02D6FD4C-EDAA-48ED-98E4-5A168E3F8BDB}"
EndProject
Project("{FAE04EC0-301F-11D3-BF4B-00C04F79EFBC}") = "Cvicenie_switch", "Switch\Cvicenie_switch.csproj", "{B619B322-E8B2-4327-ADEE-9528CC8746E8}"
EndProject
Project("{FAE04EC0-301F-11D3-BF4B-00C04F79EFBC}") = "Cvicenia_subor2", "Cvicenia_subor2\Cvicenia_subor2.csproj", "{FA23A537-6B8A-4FCD-8A89-6EC1556B6E59}"
EndProject
Project("{FAE04EC0-301F-11D3-BF4B-00C04F79EFBC}") = "Cvicenie_string-math", "Cvicenie_string-math\Cvicenie_string-math.csproj", "{960C5BA2-F949-4D54-BE00-18D90B7D3FEA}"
EndProject
Project("{FAE04EC0-301F-11D3-BF4B-00C04F79EFBC}") = "Skusanie_2", "Skusanie_2\Skusanie_2.csproj", "{0B238891-B87C-48E8-821C-36FCA3B4DB9E}"
EndProject
Project("{FAE04EC0-301F-11D3-BF4B-00C04F79EFBC}") = "Uloha_subor2", "Ulloha_subor2\Uloha_subor2.csproj", "{79074C1B-34B8-4F11-B014-DCD138B45F04}"
EndProject
Project("{FAE04EC0-301F-11D3-BF4B-00C04F79EFBC}") = "Uloha_list", "Uloha_2\Uloha_list.csproj", "{83344912-FB20-4828-9DF1-A2849E6C1BD0}"
EndProject
Project("{FAE04EC0-301F-11D3-BF4B-00C04F79EFBC}") = "Cvicenie_Switch_metody", "Switch_dometod\Cvicenie_Switch_metody.csproj", "{C9E13023-04F4-4E8A-8391-9ED39D2B031C}"
EndProject
Project("{FAE04EC0-301F-11D3-BF4B-00C04F79EFBC}") = "Uloha_GuessNumber", "Skusanie_3\Uloha_GuessNumber.csproj", "{593FA20F-0D2E-436F-8043-E6FED962189E}"
EndProject
Project("{FAE04EC0-301F-11D3-BF4B-00C04F79EFBC}") = "DoplnanieAut_simulator", "Listsautami\DoplnanieAut_simulator.csproj", "{17659D67-13E0-4743-BCE6-156AB2262C39}"
EndProject
Project("{FAE04EC0-301F-11D3-BF4B-00C04F79EFBC}") = "Cvicenie_Metody(OOP)", "OOP_metody\Cvicenie_Metody(OOP).csproj", "{71A6E9B6-7551-47A2-91FD-5265C519C1E8}"
EndProject
Project("{FAE04EC0-301F-11D3-BF4B-00C04F79EFBC}") = "Battle_simulator", "Battle_simulator\Battle_simulator.csproj", "{15D2C8B2-EE42-4E9E-8505-C1C693B7FE4D}"
EndProject
Project("{FAE04EC0-301F-11D3-BF4B-00C04F79EFBC}") = "Battle_simulator2", "Battle_2\Battle_simulator2.csproj", "{C7541651-3C8C-4E22-92B0-A56C2DF94486}"
EndProject
Project("{FAE04EC0-301F-11D3-BF4B-00C04F79EFBC}") = "Cvicenie_RandomNumber", "Random_number_cvicenie\Cvicenie_RandomNumber.csproj", "{08FBF546-FD2F-4C9E-9249-1A501F913F6D}"
EndProject
Project("{FAE04EC0-301F-11D3-BF4B-00C04F79EFBC}") = "Farm_simulator", "Farm_simulator\Farm_simulator.csproj", "{AB1EEA67-EEC5-4C5F-BA08-E3DE0D59E4F9}"
EndProject
Project("{FAE04EC0-301F-11D3-BF4B-00C04F79EFBC}") = "Cvicenie_Pravdepodobnost", "Cvicenie_Pravdepodobnost\Cvicenie_Pravdepodobnost.csproj", "{613F9A4F-1A74-4840-A276-0F9C71EF1AED}"
EndProject
Project("{FAE04EC0-301F-11D3-BF4B-00C04F79EFBC}") = "Cvicenie_Gameshop", "Cvicenie_Gameshop\Cvicenie_Gameshop.csproj", "{7093D897-74F5-4A95-9FEB-DA3AB894C027}"
EndProject
Project("{FAE04EC0-301F-11D3-BF4B-00C04F79EFBC}") = "Sims5_simulator", "Sims-5\Sims5_simulator.csproj", "{478DFA09-FD1F-44C3-941B-3F6D50B50CF3}"
EndProject
Project("{2150E333-8FDC-42A3-9474-1A3956D46DE8}") = "Cvicenia", "Cvicenia", "{30C35181-E060-43C9-A81B-C9EBE8EA44B2}"
EndProject
Project("{2150E333-8FDC-42A3-9474-1A3956D46DE8}") = "Ulohy", "Ulohy", "{E963CB90-33CD-46DB-96F3-FD648E18CA00}"
EndProject
Project("{2150E333-8FDC-42A3-9474-1A3956D46DE8}") = "Simulators", "Simulators", "{FBD8261F-4A5C-4B97-A16F-6A232B77AC5F}"
EndProject
Project("{2150E333-8FDC-42A3-9474-1A3956D46DE8}") = "Polrocna_praca", "Polrocna_praca", "{FA30C7D3-AD06-41E8-8CA4-E4C93659A93F}"
EndProject
Project("{2150E333-8FDC-42A3-9474-1A3956D46DE8}") = "Koncorocna_praca", "Koncorocna_praca", "{BC9A207C-8F8A-45DD-8231-1DDACFD6CC45}"
EndProject
Project("{FAE04EC0-301F-11D3-BF4B-00C04F79EFBC}") = "Life_of_man", "Life_of_man\Life_of_man.csproj", "{35AD7276-0CDC-4D53-AD7A-6491C6394839}"
EndProject
Project("{FAE04EC0-301F-11D3-BF4B-00C04F79EFBC}") = "Cvicenie_subor2", "Cvicenie_subor2\Cvicenie_subor2.csproj", "{77BF40CF-9C28-478F-AE89-A4C2C84E806F}"
EndProject
Project("{FAE04EC0-301F-11D3-BF4B-00C04F79EFBC}") = "Cookie_Clicker_simulator_", "Cookie_Clicker_simulator_\Cookie_Clicker_simulator_.csproj", "{4F8D0A21-3C0C-41CE-9E52-D1CFA54CE77F}"
EndProject
Project("{2150E333-8FDC-42A3-9474-1A3956D46DE8}") = "WPFApps", "WPFApps", "{23FF1552-7FE4-47A1-9463-484345682900}"
EndProject
Project("{FAE04EC0-301F-11D3-BF4B-00C04F79EFBC}") = "1_WPF", "1_WPF\1_WPF.csproj", "{AAAD8DED-25C8-4F05-97A9-588D2AA1BA6A}"
EndProject
Project("{FAE04EC0-301F-11D3-BF4B-00C04F79EFBC}") = "Wpf_uloha1", "Wpf_uloha1\Wpf_uloha1.csproj", "{17DF7C02-FB38-4A82-8F9A-8A0BCA537707}"
EndProject
Project("{FAE04EC0-301F-11D3-BF4B-00C04F79EFBC}") = "Wpf_uloha2", "Wpf_uloha2\Wpf_uloha2.csproj", "{31E78788-417D-48FC-9FC0-49AF63466E7E}"
EndProject
Project("{FAE04EC0-301F-11D3-BF4B-00C04F79EFBC}") = "Wpf_uloha4", "Wpf_uloha4\Wpf_uloha4.csproj", "{F2D964E4-C111-4568-A568-D65E4983D538}"
EndProject
Global
	GlobalSection(SolutionConfigurationPlatforms) = preSolution
		Debug|Any CPU = Debug|Any CPU
		Debug|x64 = Debug|x64
		Debug|x86 = Debug|x86
		Release|Any CPU = Release|Any CPU
		Release|x64 = Release|x64
		Release|x86 = Release|x86
	EndGlobalSection
	GlobalSection(ProjectConfigurationPlatforms) = postSolution
		{57860CA2-0054-465E-BD1E-024FF8D81354}.Debug|Any CPU.ActiveCfg = Debug|Any CPU
		{57860CA2-0054-465E-BD1E-024FF8D81354}.Debug|Any CPU.Build.0 = Debug|Any CPU
		{57860CA2-0054-465E-BD1E-024FF8D81354}.Debug|x64.ActiveCfg = Debug|Any CPU
		{57860CA2-0054-465E-BD1E-024FF8D81354}.Debug|x64.Build.0 = Debug|Any CPU
		{57860CA2-0054-465E-BD1E-024FF8D81354}.Debug|x86.ActiveCfg = Debug|Any CPU
		{57860CA2-0054-465E-BD1E-024FF8D81354}.Debug|x86.Build.0 = Debug|Any CPU
		{57860CA2-0054-465E-BD1E-024FF8D81354}.Release|Any CPU.ActiveCfg = Release|Any CPU
		{57860CA2-0054-465E-BD1E-024FF8D81354}.Release|Any CPU.Build.0 = Release|Any CPU
		{57860CA2-0054-465E-BD1E-024FF8D81354}.Release|x64.ActiveCfg = Release|Any CPU
		{57860CA2-0054-465E-BD1E-024FF8D81354}.Release|x64.Build.0 = Release|Any CPU
		{57860CA2-0054-465E-BD1E-024FF8D81354}.Release|x86.ActiveCfg = Release|Any CPU
		{57860CA2-0054-465E-BD1E-024FF8D81354}.Release|x86.Build.0 = Release|Any CPU
		{FE64EA2A-841F-49D7-94C6-BB7E50FC972D}.Debug|Any CPU.ActiveCfg = Debug|Any CPU
		{FE64EA2A-841F-49D7-94C6-BB7E50FC972D}.Debug|Any CPU.Build.0 = Debug|Any CPU
		{FE64EA2A-841F-49D7-94C6-BB7E50FC972D}.Debug|x64.ActiveCfg = Debug|Any CPU
		{FE64EA2A-841F-49D7-94C6-BB7E50FC972D}.Debug|x64.Build.0 = Debug|Any CPU
		{FE64EA2A-841F-49D7-94C6-BB7E50FC972D}.Debug|x86.ActiveCfg = Debug|Any CPU
		{FE64EA2A-841F-49D7-94C6-BB7E50FC972D}.Debug|x86.Build.0 = Debug|Any CPU
		{FE64EA2A-841F-49D7-94C6-BB7E50FC972D}.Release|Any CPU.ActiveCfg = Release|Any CPU
		{FE64EA2A-841F-49D7-94C6-BB7E50FC972D}.Release|Any CPU.Build.0 = Release|Any CPU
		{FE64EA2A-841F-49D7-94C6-BB7E50FC972D}.Release|x64.ActiveCfg = Release|Any CPU
		{FE64EA2A-841F-49D7-94C6-BB7E50FC972D}.Release|x64.Build.0 = Release|Any CPU
		{FE64EA2A-841F-49D7-94C6-BB7E50FC972D}.Release|x86.ActiveCfg = Release|Any CPU
		{FE64EA2A-841F-49D7-94C6-BB7E50FC972D}.Release|x86.Build.0 = Release|Any CPU
		{8CA6707B-A381-4131-909F-50D592953588}.Debug|Any CPU.ActiveCfg = Debug|Any CPU
		{8CA6707B-A381-4131-909F-50D592953588}.Debug|Any CPU.Build.0 = Debug|Any CPU
		{8CA6707B-A381-4131-909F-50D592953588}.Debug|x64.ActiveCfg = Debug|Any CPU
		{8CA6707B-A381-4131-909F-50D592953588}.Debug|x64.Build.0 = Debug|Any CPU
		{8CA6707B-A381-4131-909F-50D592953588}.Debug|x86.ActiveCfg = Debug|Any CPU
		{8CA6707B-A381-4131-909F-50D592953588}.Debug|x86.Build.0 = Debug|Any CPU
		{8CA6707B-A381-4131-909F-50D592953588}.Release|Any CPU.ActiveCfg = Release|Any CPU
		{8CA6707B-A381-4131-909F-50D592953588}.Release|Any CPU.Build.0 = Release|Any CPU
		{8CA6707B-A381-4131-909F-50D592953588}.Release|x64.ActiveCfg = Release|Any CPU
		{8CA6707B-A381-4131-909F-50D592953588}.Release|x64.Build.0 = Release|Any CPU
		{8CA6707B-A381-4131-909F-50D592953588}.Release|x86.ActiveCfg = Release|Any CPU
		{8CA6707B-A381-4131-909F-50D592953588}.Release|x86.Build.0 = Release|Any CPU
		{AB306D1E-2942-4297-ACC3-2975FB8BF18F}.Debug|Any CPU.ActiveCfg = Debug|Any CPU
		{AB306D1E-2942-4297-ACC3-2975FB8BF18F}.Debug|Any CPU.Build.0 = Debug|Any CPU
		{AB306D1E-2942-4297-ACC3-2975FB8BF18F}.Debug|x64.ActiveCfg = Debug|Any CPU
		{AB306D1E-2942-4297-ACC3-2975FB8BF18F}.Debug|x64.Build.0 = Debug|Any CPU
		{AB306D1E-2942-4297-ACC3-2975FB8BF18F}.Debug|x86.ActiveCfg = Debug|Any CPU
		{AB306D1E-2942-4297-ACC3-2975FB8BF18F}.Debug|x86.Build.0 = Debug|Any CPU
		{AB306D1E-2942-4297-ACC3-2975FB8BF18F}.Release|Any CPU.ActiveCfg = Release|Any CPU
		{AB306D1E-2942-4297-ACC3-2975FB8BF18F}.Release|Any CPU.Build.0 = Release|Any CPU
		{AB306D1E-2942-4297-ACC3-2975FB8BF18F}.Release|x64.ActiveCfg = Release|Any CPU
		{AB306D1E-2942-4297-ACC3-2975FB8BF18F}.Release|x64.Build.0 = Release|Any CPU
		{AB306D1E-2942-4297-ACC3-2975FB8BF18F}.Release|x86.ActiveCfg = Release|Any CPU
		{AB306D1E-2942-4297-ACC3-2975FB8BF18F}.Release|x86.Build.0 = Release|Any CPU
		{F1E80A4A-241C-496D-92D6-B047A0EAF030}.Debug|Any CPU.ActiveCfg = Debug|Any CPU
		{F1E80A4A-241C-496D-92D6-B047A0EAF030}.Debug|Any CPU.Build.0 = Debug|Any CPU
		{F1E80A4A-241C-496D-92D6-B047A0EAF030}.Debug|x64.ActiveCfg = Debug|Any CPU
		{F1E80A4A-241C-496D-92D6-B047A0EAF030}.Debug|x64.Build.0 = Debug|Any CPU
		{F1E80A4A-241C-496D-92D6-B047A0EAF030}.Debug|x86.ActiveCfg = Debug|Any CPU
		{F1E80A4A-241C-496D-92D6-B047A0EAF030}.Debug|x86.Build.0 = Debug|Any CPU
		{F1E80A4A-241C-496D-92D6-B047A0EAF030}.Release|Any CPU.ActiveCfg = Release|Any CPU
		{F1E80A4A-241C-496D-92D6-B047A0EAF030}.Release|Any CPU.Build.0 = Release|Any CPU
		{F1E80A4A-241C-496D-92D6-B047A0EAF030}.Release|x64.ActiveCfg = Release|Any CPU
		{F1E80A4A-241C-496D-92D6-B047A0EAF030}.Release|x64.Build.0 = Release|Any CPU
		{F1E80A4A-241C-496D-92D6-B047A0EAF030}.Release|x86.ActiveCfg = Release|Any CPU
		{F1E80A4A-241C-496D-92D6-B047A0EAF030}.Release|x86.Build.0 = Release|Any CPU
		{AEEAB66C-8B62-4844-A721-1FA49E82FDEB}.Debug|Any CPU.ActiveCfg = Debug|Any CPU
		{AEEAB66C-8B62-4844-A721-1FA49E82FDEB}.Debug|Any CPU.Build.0 = Debug|Any CPU
		{AEEAB66C-8B62-4844-A721-1FA49E82FDEB}.Debug|x64.ActiveCfg = Debug|Any CPU
		{AEEAB66C-8B62-4844-A721-1FA49E82FDEB}.Debug|x64.Build.0 = Debug|Any CPU
		{AEEAB66C-8B62-4844-A721-1FA49E82FDEB}.Debug|x86.ActiveCfg = Debug|Any CPU
		{AEEAB66C-8B62-4844-A721-1FA49E82FDEB}.Debug|x86.Build.0 = Debug|Any CPU
		{AEEAB66C-8B62-4844-A721-1FA49E82FDEB}.Release|Any CPU.ActiveCfg = Release|Any CPU
		{AEEAB66C-8B62-4844-A721-1FA49E82FDEB}.Release|Any CPU.Build.0 = Release|Any CPU
		{AEEAB66C-8B62-4844-A721-1FA49E82FDEB}.Release|x64.ActiveCfg = Release|Any CPU
		{AEEAB66C-8B62-4844-A721-1FA49E82FDEB}.Release|x64.Build.0 = Release|Any CPU
		{AEEAB66C-8B62-4844-A721-1FA49E82FDEB}.Release|x86.ActiveCfg = Release|Any CPU
		{AEEAB66C-8B62-4844-A721-1FA49E82FDEB}.Release|x86.Build.0 = Release|Any CPU
		{5B78F61E-B52C-4920-BE97-42AADFAA726F}.Debug|Any CPU.ActiveCfg = Debug|Any CPU
		{5B78F61E-B52C-4920-BE97-42AADFAA726F}.Debug|Any CPU.Build.0 = Debug|Any CPU
		{5B78F61E-B52C-4920-BE97-42AADFAA726F}.Debug|x64.ActiveCfg = Debug|Any CPU
		{5B78F61E-B52C-4920-BE97-42AADFAA726F}.Debug|x64.Build.0 = Debug|Any CPU
		{5B78F61E-B52C-4920-BE97-42AADFAA726F}.Debug|x86.ActiveCfg = Debug|Any CPU
		{5B78F61E-B52C-4920-BE97-42AADFAA726F}.Debug|x86.Build.0 = Debug|Any CPU
		{5B78F61E-B52C-4920-BE97-42AADFAA726F}.Release|Any CPU.ActiveCfg = Release|Any CPU
		{5B78F61E-B52C-4920-BE97-42AADFAA726F}.Release|Any CPU.Build.0 = Release|Any CPU
		{5B78F61E-B52C-4920-BE97-42AADFAA726F}.Release|x64.ActiveCfg = Release|Any CPU
		{5B78F61E-B52C-4920-BE97-42AADFAA726F}.Release|x64.Build.0 = Release|Any CPU
		{5B78F61E-B52C-4920-BE97-42AADFAA726F}.Release|x86.ActiveCfg = Release|Any CPU
		{5B78F61E-B52C-4920-BE97-42AADFAA726F}.Release|x86.Build.0 = Release|Any CPU
		{5314C734-E722-4454-A772-D0F4641E1563}.Debug|Any CPU.ActiveCfg = Debug|Any CPU
		{5314C734-E722-4454-A772-D0F4641E1563}.Debug|Any CPU.Build.0 = Debug|Any CPU
		{5314C734-E722-4454-A772-D0F4641E1563}.Debug|x64.ActiveCfg = Debug|Any CPU
		{5314C734-E722-4454-A772-D0F4641E1563}.Debug|x64.Build.0 = Debug|Any CPU
		{5314C734-E722-4454-A772-D0F4641E1563}.Debug|x86.ActiveCfg = Debug|Any CPU
		{5314C734-E722-4454-A772-D0F4641E1563}.Debug|x86.Build.0 = Debug|Any CPU
		{5314C734-E722-4454-A772-D0F4641E1563}.Release|Any CPU.ActiveCfg = Release|Any CPU
		{5314C734-E722-4454-A772-D0F4641E1563}.Release|Any CPU.Build.0 = Release|Any CPU
		{5314C734-E722-4454-A772-D0F4641E1563}.Release|x64.ActiveCfg = Release|Any CPU
		{5314C734-E722-4454-A772-D0F4641E1563}.Release|x64.Build.0 = Release|Any CPU
		{5314C734-E722-4454-A772-D0F4641E1563}.Release|x86.ActiveCfg = Release|Any CPU
		{5314C734-E722-4454-A772-D0F4641E1563}.Release|x86.Build.0 = Release|Any CPU
		{A6659FD2-5F11-432B-91B7-C64EAEAF669C}.Debug|Any CPU.ActiveCfg = Debug|Any CPU
		{A6659FD2-5F11-432B-91B7-C64EAEAF669C}.Debug|Any CPU.Build.0 = Debug|Any CPU
		{A6659FD2-5F11-432B-91B7-C64EAEAF669C}.Debug|x64.ActiveCfg = Debug|Any CPU
		{A6659FD2-5F11-432B-91B7-C64EAEAF669C}.Debug|x64.Build.0 = Debug|Any CPU
		{A6659FD2-5F11-432B-91B7-C64EAEAF669C}.Debug|x86.ActiveCfg = Debug|Any CPU
		{A6659FD2-5F11-432B-91B7-C64EAEAF669C}.Debug|x86.Build.0 = Debug|Any CPU
		{A6659FD2-5F11-432B-91B7-C64EAEAF669C}.Release|Any CPU.ActiveCfg = Release|Any CPU
		{A6659FD2-5F11-432B-91B7-C64EAEAF669C}.Release|Any CPU.Build.0 = Release|Any CPU
		{A6659FD2-5F11-432B-91B7-C64EAEAF669C}.Release|x64.ActiveCfg = Release|Any CPU
		{A6659FD2-5F11-432B-91B7-C64EAEAF669C}.Release|x64.Build.0 = Release|Any CPU
		{A6659FD2-5F11-432B-91B7-C64EAEAF669C}.Release|x86.ActiveCfg = Release|Any CPU
		{A6659FD2-5F11-432B-91B7-C64EAEAF669C}.Release|x86.Build.0 = Release|Any CPU
		{FD645D4C-9DC8-4603-A77B-8A4782F175F4}.Debug|Any CPU.ActiveCfg = Debug|Any CPU
		{FD645D4C-9DC8-4603-A77B-8A4782F175F4}.Debug|Any CPU.Build.0 = Debug|Any CPU
		{FD645D4C-9DC8-4603-A77B-8A4782F175F4}.Debug|x64.ActiveCfg = Debug|Any CPU
		{FD645D4C-9DC8-4603-A77B-8A4782F175F4}.Debug|x64.Build.0 = Debug|Any CPU
		{FD645D4C-9DC8-4603-A77B-8A4782F175F4}.Debug|x86.ActiveCfg = Debug|Any CPU
		{FD645D4C-9DC8-4603-A77B-8A4782F175F4}.Debug|x86.Build.0 = Debug|Any CPU
		{FD645D4C-9DC8-4603-A77B-8A4782F175F4}.Release|Any CPU.ActiveCfg = Release|Any CPU
		{FD645D4C-9DC8-4603-A77B-8A4782F175F4}.Release|Any CPU.Build.0 = Release|Any CPU
		{FD645D4C-9DC8-4603-A77B-8A4782F175F4}.Release|x64.ActiveCfg = Release|Any CPU
		{FD645D4C-9DC8-4603-A77B-8A4782F175F4}.Release|x64.Build.0 = Release|Any CPU
		{FD645D4C-9DC8-4603-A77B-8A4782F175F4}.Release|x86.ActiveCfg = Release|Any CPU
		{FD645D4C-9DC8-4603-A77B-8A4782F175F4}.Release|x86.Build.0 = Release|Any CPU
		{A4527295-4BEE-4E42-8855-B0503A4515E4}.Debug|Any CPU.ActiveCfg = Debug|Any CPU
		{A4527295-4BEE-4E42-8855-B0503A4515E4}.Debug|Any CPU.Build.0 = Debug|Any CPU
		{A4527295-4BEE-4E42-8855-B0503A4515E4}.Debug|x64.ActiveCfg = Debug|Any CPU
		{A4527295-4BEE-4E42-8855-B0503A4515E4}.Debug|x64.Build.0 = Debug|Any CPU
		{A4527295-4BEE-4E42-8855-B0503A4515E4}.Debug|x86.ActiveCfg = Debug|Any CPU
		{A4527295-4BEE-4E42-8855-B0503A4515E4}.Debug|x86.Build.0 = Debug|Any CPU
		{A4527295-4BEE-4E42-8855-B0503A4515E4}.Release|Any CPU.ActiveCfg = Release|Any CPU
		{A4527295-4BEE-4E42-8855-B0503A4515E4}.Release|Any CPU.Build.0 = Release|Any CPU
		{A4527295-4BEE-4E42-8855-B0503A4515E4}.Release|x64.ActiveCfg = Release|Any CPU
		{A4527295-4BEE-4E42-8855-B0503A4515E4}.Release|x64.Build.0 = Release|Any CPU
		{A4527295-4BEE-4E42-8855-B0503A4515E4}.Release|x86.ActiveCfg = Release|Any CPU
		{A4527295-4BEE-4E42-8855-B0503A4515E4}.Release|x86.Build.0 = Release|Any CPU
		{E90B0337-37CA-401C-997C-05DD11E08FEF}.Debug|Any CPU.ActiveCfg = Debug|Any CPU
		{E90B0337-37CA-401C-997C-05DD11E08FEF}.Debug|Any CPU.Build.0 = Debug|Any CPU
		{E90B0337-37CA-401C-997C-05DD11E08FEF}.Debug|x64.ActiveCfg = Debug|Any CPU
		{E90B0337-37CA-401C-997C-05DD11E08FEF}.Debug|x64.Build.0 = Debug|Any CPU
		{E90B0337-37CA-401C-997C-05DD11E08FEF}.Debug|x86.ActiveCfg = Debug|Any CPU
		{E90B0337-37CA-401C-997C-05DD11E08FEF}.Debug|x86.Build.0 = Debug|Any CPU
		{E90B0337-37CA-401C-997C-05DD11E08FEF}.Release|Any CPU.ActiveCfg = Release|Any CPU
		{E90B0337-37CA-401C-997C-05DD11E08FEF}.Release|Any CPU.Build.0 = Release|Any CPU
		{E90B0337-37CA-401C-997C-05DD11E08FEF}.Release|x64.ActiveCfg = Release|Any CPU
		{E90B0337-37CA-401C-997C-05DD11E08FEF}.Release|x64.Build.0 = Release|Any CPU
		{E90B0337-37CA-401C-997C-05DD11E08FEF}.Release|x86.ActiveCfg = Release|Any CPU
		{E90B0337-37CA-401C-997C-05DD11E08FEF}.Release|x86.Build.0 = Release|Any CPU
		{22097A4D-261D-4F21-8080-10B4DAAC9E01}.Debug|Any CPU.ActiveCfg = Debug|Any CPU
		{22097A4D-261D-4F21-8080-10B4DAAC9E01}.Debug|Any CPU.Build.0 = Debug|Any CPU
		{22097A4D-261D-4F21-8080-10B4DAAC9E01}.Debug|x64.ActiveCfg = Debug|Any CPU
		{22097A4D-261D-4F21-8080-10B4DAAC9E01}.Debug|x64.Build.0 = Debug|Any CPU
		{22097A4D-261D-4F21-8080-10B4DAAC9E01}.Debug|x86.ActiveCfg = Debug|Any CPU
		{22097A4D-261D-4F21-8080-10B4DAAC9E01}.Debug|x86.Build.0 = Debug|Any CPU
		{22097A4D-261D-4F21-8080-10B4DAAC9E01}.Release|Any CPU.ActiveCfg = Release|Any CPU
		{22097A4D-261D-4F21-8080-10B4DAAC9E01}.Release|Any CPU.Build.0 = Release|Any CPU
		{22097A4D-261D-4F21-8080-10B4DAAC9E01}.Release|x64.ActiveCfg = Release|Any CPU
		{22097A4D-261D-4F21-8080-10B4DAAC9E01}.Release|x64.Build.0 = Release|Any CPU
		{22097A4D-261D-4F21-8080-10B4DAAC9E01}.Release|x86.ActiveCfg = Release|Any CPU
		{22097A4D-261D-4F21-8080-10B4DAAC9E01}.Release|x86.Build.0 = Release|Any CPU
		{EE7C6CDA-F919-4078-81DB-E4BA7F7DE34A}.Debug|Any CPU.ActiveCfg = Debug|Any CPU
		{EE7C6CDA-F919-4078-81DB-E4BA7F7DE34A}.Debug|Any CPU.Build.0 = Debug|Any CPU
		{EE7C6CDA-F919-4078-81DB-E4BA7F7DE34A}.Debug|x64.ActiveCfg = Debug|Any CPU
		{EE7C6CDA-F919-4078-81DB-E4BA7F7DE34A}.Debug|x64.Build.0 = Debug|Any CPU
		{EE7C6CDA-F919-4078-81DB-E4BA7F7DE34A}.Debug|x86.ActiveCfg = Debug|Any CPU
		{EE7C6CDA-F919-4078-81DB-E4BA7F7DE34A}.Debug|x86.Build.0 = Debug|Any CPU
		{EE7C6CDA-F919-4078-81DB-E4BA7F7DE34A}.Release|Any CPU.ActiveCfg = Release|Any CPU
		{EE7C6CDA-F919-4078-81DB-E4BA7F7DE34A}.Release|Any CPU.Build.0 = Release|Any CPU
		{EE7C6CDA-F919-4078-81DB-E4BA7F7DE34A}.Release|x64.ActiveCfg = Release|Any CPU
		{EE7C6CDA-F919-4078-81DB-E4BA7F7DE34A}.Release|x64.Build.0 = Release|Any CPU
		{EE7C6CDA-F919-4078-81DB-E4BA7F7DE34A}.Release|x86.ActiveCfg = Release|Any CPU
		{EE7C6CDA-F919-4078-81DB-E4BA7F7DE34A}.Release|x86.Build.0 = Release|Any CPU
		{E41ECA72-68B0-4B1B-8A47-39C0E5DA9B94}.Debug|Any CPU.ActiveCfg = Debug|Any CPU
		{E41ECA72-68B0-4B1B-8A47-39C0E5DA9B94}.Debug|Any CPU.Build.0 = Debug|Any CPU
		{E41ECA72-68B0-4B1B-8A47-39C0E5DA9B94}.Debug|x64.ActiveCfg = Debug|Any CPU
		{E41ECA72-68B0-4B1B-8A47-39C0E5DA9B94}.Debug|x64.Build.0 = Debug|Any CPU
		{E41ECA72-68B0-4B1B-8A47-39C0E5DA9B94}.Debug|x86.ActiveCfg = Debug|Any CPU
		{E41ECA72-68B0-4B1B-8A47-39C0E5DA9B94}.Debug|x86.Build.0 = Debug|Any CPU
		{E41ECA72-68B0-4B1B-8A47-39C0E5DA9B94}.Release|Any CPU.ActiveCfg = Release|Any CPU
		{E41ECA72-68B0-4B1B-8A47-39C0E5DA9B94}.Release|Any CPU.Build.0 = Release|Any CPU
		{E41ECA72-68B0-4B1B-8A47-39C0E5DA9B94}.Release|x64.ActiveCfg = Release|Any CPU
		{E41ECA72-68B0-4B1B-8A47-39C0E5DA9B94}.Release|x64.Build.0 = Release|Any CPU
		{E41ECA72-68B0-4B1B-8A47-39C0E5DA9B94}.Release|x86.ActiveCfg = Release|Any CPU
		{E41ECA72-68B0-4B1B-8A47-39C0E5DA9B94}.Release|x86.Build.0 = Release|Any CPU
		{AD575FD0-3F7B-4CA3-B802-9430C0F61A42}.Debug|Any CPU.ActiveCfg = Debug|Any CPU
		{AD575FD0-3F7B-4CA3-B802-9430C0F61A42}.Debug|Any CPU.Build.0 = Debug|Any CPU
		{AD575FD0-3F7B-4CA3-B802-9430C0F61A42}.Debug|x64.ActiveCfg = Debug|Any CPU
		{AD575FD0-3F7B-4CA3-B802-9430C0F61A42}.Debug|x64.Build.0 = Debug|Any CPU
		{AD575FD0-3F7B-4CA3-B802-9430C0F61A42}.Debug|x86.ActiveCfg = Debug|Any CPU
		{AD575FD0-3F7B-4CA3-B802-9430C0F61A42}.Debug|x86.Build.0 = Debug|Any CPU
		{AD575FD0-3F7B-4CA3-B802-9430C0F61A42}.Release|Any CPU.ActiveCfg = Release|Any CPU
		{AD575FD0-3F7B-4CA3-B802-9430C0F61A42}.Release|Any CPU.Build.0 = Release|Any CPU
		{AD575FD0-3F7B-4CA3-B802-9430C0F61A42}.Release|x64.ActiveCfg = Release|Any CPU
		{AD575FD0-3F7B-4CA3-B802-9430C0F61A42}.Release|x64.Build.0 = Release|Any CPU
		{AD575FD0-3F7B-4CA3-B802-9430C0F61A42}.Release|x86.ActiveCfg = Release|Any CPU
		{AD575FD0-3F7B-4CA3-B802-9430C0F61A42}.Release|x86.Build.0 = Release|Any CPU
		{8B9BEF41-B5E2-4B56-AA43-F83249D4E639}.Debug|Any CPU.ActiveCfg = Debug|Any CPU
		{8B9BEF41-B5E2-4B56-AA43-F83249D4E639}.Debug|Any CPU.Build.0 = Debug|Any CPU
		{8B9BEF41-B5E2-4B56-AA43-F83249D4E639}.Debug|x64.ActiveCfg = Debug|Any CPU
		{8B9BEF41-B5E2-4B56-AA43-F83249D4E639}.Debug|x64.Build.0 = Debug|Any CPU
		{8B9BEF41-B5E2-4B56-AA43-F83249D4E639}.Debug|x86.ActiveCfg = Debug|Any CPU
		{8B9BEF41-B5E2-4B56-AA43-F83249D4E639}.Debug|x86.Build.0 = Debug|Any CPU
		{8B9BEF41-B5E2-4B56-AA43-F83249D4E639}.Release|Any CPU.ActiveCfg = Release|Any CPU
		{8B9BEF41-B5E2-4B56-AA43-F83249D4E639}.Release|Any CPU.Build.0 = Release|Any CPU
		{8B9BEF41-B5E2-4B56-AA43-F83249D4E639}.Release|x64.ActiveCfg = Release|Any CPU
		{8B9BEF41-B5E2-4B56-AA43-F83249D4E639}.Release|x64.Build.0 = Release|Any CPU
		{8B9BEF41-B5E2-4B56-AA43-F83249D4E639}.Release|x86.ActiveCfg = Release|Any CPU
		{8B9BEF41-B5E2-4B56-AA43-F83249D4E639}.Release|x86.Build.0 = Release|Any CPU
		{EBA30F52-B7DA-4B32-BE4F-6914145E2447}.Debug|Any CPU.ActiveCfg = Debug|Any CPU
		{EBA30F52-B7DA-4B32-BE4F-6914145E2447}.Debug|Any CPU.Build.0 = Debug|Any CPU
		{EBA30F52-B7DA-4B32-BE4F-6914145E2447}.Debug|x64.ActiveCfg = Debug|Any CPU
		{EBA30F52-B7DA-4B32-BE4F-6914145E2447}.Debug|x64.Build.0 = Debug|Any CPU
		{EBA30F52-B7DA-4B32-BE4F-6914145E2447}.Debug|x86.ActiveCfg = Debug|Any CPU
		{EBA30F52-B7DA-4B32-BE4F-6914145E2447}.Debug|x86.Build.0 = Debug|Any CPU
		{EBA30F52-B7DA-4B32-BE4F-6914145E2447}.Release|Any CPU.ActiveCfg = Release|Any CPU
		{EBA30F52-B7DA-4B32-BE4F-6914145E2447}.Release|Any CPU.Build.0 = Release|Any CPU
		{EBA30F52-B7DA-4B32-BE4F-6914145E2447}.Release|x64.ActiveCfg = Release|Any CPU
		{EBA30F52-B7DA-4B32-BE4F-6914145E2447}.Release|x64.Build.0 = Release|Any CPU
		{EBA30F52-B7DA-4B32-BE4F-6914145E2447}.Release|x86.ActiveCfg = Release|Any CPU
		{EBA30F52-B7DA-4B32-BE4F-6914145E2447}.Release|x86.Build.0 = Release|Any CPU
		{6A95C2D3-3B32-4612-A909-2F2AC223416E}.Debug|Any CPU.ActiveCfg = Debug|Any CPU
		{6A95C2D3-3B32-4612-A909-2F2AC223416E}.Debug|Any CPU.Build.0 = Debug|Any CPU
		{6A95C2D3-3B32-4612-A909-2F2AC223416E}.Debug|x64.ActiveCfg = Debug|Any CPU
		{6A95C2D3-3B32-4612-A909-2F2AC223416E}.Debug|x64.Build.0 = Debug|Any CPU
		{6A95C2D3-3B32-4612-A909-2F2AC223416E}.Debug|x86.ActiveCfg = Debug|Any CPU
		{6A95C2D3-3B32-4612-A909-2F2AC223416E}.Debug|x86.Build.0 = Debug|Any CPU
		{6A95C2D3-3B32-4612-A909-2F2AC223416E}.Release|Any CPU.ActiveCfg = Release|Any CPU
		{6A95C2D3-3B32-4612-A909-2F2AC223416E}.Release|Any CPU.Build.0 = Release|Any CPU
		{6A95C2D3-3B32-4612-A909-2F2AC223416E}.Release|x64.ActiveCfg = Release|Any CPU
		{6A95C2D3-3B32-4612-A909-2F2AC223416E}.Release|x64.Build.0 = Release|Any CPU
		{6A95C2D3-3B32-4612-A909-2F2AC223416E}.Release|x86.ActiveCfg = Release|Any CPU
		{6A95C2D3-3B32-4612-A909-2F2AC223416E}.Release|x86.Build.0 = Release|Any CPU
		{DA216DFF-5EC8-4F02-9D0A-3D49212D6903}.Debug|Any CPU.ActiveCfg = Debug|Any CPU
		{DA216DFF-5EC8-4F02-9D0A-3D49212D6903}.Debug|Any CPU.Build.0 = Debug|Any CPU
		{DA216DFF-5EC8-4F02-9D0A-3D49212D6903}.Debug|x64.ActiveCfg = Debug|Any CPU
		{DA216DFF-5EC8-4F02-9D0A-3D49212D6903}.Debug|x64.Build.0 = Debug|Any CPU
		{DA216DFF-5EC8-4F02-9D0A-3D49212D6903}.Debug|x86.ActiveCfg = Debug|Any CPU
		{DA216DFF-5EC8-4F02-9D0A-3D49212D6903}.Debug|x86.Build.0 = Debug|Any CPU
		{DA216DFF-5EC8-4F02-9D0A-3D49212D6903}.Release|Any CPU.ActiveCfg = Release|Any CPU
		{DA216DFF-5EC8-4F02-9D0A-3D49212D6903}.Release|Any CPU.Build.0 = Release|Any CPU
		{DA216DFF-5EC8-4F02-9D0A-3D49212D6903}.Release|x64.ActiveCfg = Release|Any CPU
		{DA216DFF-5EC8-4F02-9D0A-3D49212D6903}.Release|x64.Build.0 = Release|Any CPU
		{DA216DFF-5EC8-4F02-9D0A-3D49212D6903}.Release|x86.ActiveCfg = Release|Any CPU
		{DA216DFF-5EC8-4F02-9D0A-3D49212D6903}.Release|x86.Build.0 = Release|Any CPU
		{2BBC2988-4C3C-45B7-9EA6-F47A23260F32}.Debug|Any CPU.ActiveCfg = Debug|Any CPU
		{2BBC2988-4C3C-45B7-9EA6-F47A23260F32}.Debug|Any CPU.Build.0 = Debug|Any CPU
		{2BBC2988-4C3C-45B7-9EA6-F47A23260F32}.Debug|x64.ActiveCfg = Debug|Any CPU
		{2BBC2988-4C3C-45B7-9EA6-F47A23260F32}.Debug|x64.Build.0 = Debug|Any CPU
		{2BBC2988-4C3C-45B7-9EA6-F47A23260F32}.Debug|x86.ActiveCfg = Debug|Any CPU
		{2BBC2988-4C3C-45B7-9EA6-F47A23260F32}.Debug|x86.Build.0 = Debug|Any CPU
		{2BBC2988-4C3C-45B7-9EA6-F47A23260F32}.Release|Any CPU.ActiveCfg = Release|Any CPU
		{2BBC2988-4C3C-45B7-9EA6-F47A23260F32}.Release|Any CPU.Build.0 = Release|Any CPU
		{2BBC2988-4C3C-45B7-9EA6-F47A23260F32}.Release|x64.ActiveCfg = Release|Any CPU
		{2BBC2988-4C3C-45B7-9EA6-F47A23260F32}.Release|x64.Build.0 = Release|Any CPU
		{2BBC2988-4C3C-45B7-9EA6-F47A23260F32}.Release|x86.ActiveCfg = Release|Any CPU
		{2BBC2988-4C3C-45B7-9EA6-F47A23260F32}.Release|x86.Build.0 = Release|Any CPU
		{2A373E5B-4048-4E70-99EE-2676D2DA9952}.Debug|Any CPU.ActiveCfg = Debug|Any CPU
		{2A373E5B-4048-4E70-99EE-2676D2DA9952}.Debug|Any CPU.Build.0 = Debug|Any CPU
		{2A373E5B-4048-4E70-99EE-2676D2DA9952}.Debug|x64.ActiveCfg = Debug|Any CPU
		{2A373E5B-4048-4E70-99EE-2676D2DA9952}.Debug|x64.Build.0 = Debug|Any CPU
		{2A373E5B-4048-4E70-99EE-2676D2DA9952}.Debug|x86.ActiveCfg = Debug|Any CPU
		{2A373E5B-4048-4E70-99EE-2676D2DA9952}.Debug|x86.Build.0 = Debug|Any CPU
		{2A373E5B-4048-4E70-99EE-2676D2DA9952}.Release|Any CPU.ActiveCfg = Release|Any CPU
		{2A373E5B-4048-4E70-99EE-2676D2DA9952}.Release|Any CPU.Build.0 = Release|Any CPU
		{2A373E5B-4048-4E70-99EE-2676D2DA9952}.Release|x64.ActiveCfg = Release|Any CPU
		{2A373E5B-4048-4E70-99EE-2676D2DA9952}.Release|x64.Build.0 = Release|Any CPU
		{2A373E5B-4048-4E70-99EE-2676D2DA9952}.Release|x86.ActiveCfg = Release|Any CPU
		{2A373E5B-4048-4E70-99EE-2676D2DA9952}.Release|x86.Build.0 = Release|Any CPU
		{DB34DF8E-3B5B-44CC-9245-AD79F3198BD3}.Debug|Any CPU.ActiveCfg = Debug|Any CPU
		{DB34DF8E-3B5B-44CC-9245-AD79F3198BD3}.Debug|Any CPU.Build.0 = Debug|Any CPU
		{DB34DF8E-3B5B-44CC-9245-AD79F3198BD3}.Debug|x64.ActiveCfg = Debug|Any CPU
		{DB34DF8E-3B5B-44CC-9245-AD79F3198BD3}.Debug|x64.Build.0 = Debug|Any CPU
		{DB34DF8E-3B5B-44CC-9245-AD79F3198BD3}.Debug|x86.ActiveCfg = Debug|Any CPU
		{DB34DF8E-3B5B-44CC-9245-AD79F3198BD3}.Debug|x86.Build.0 = Debug|Any CPU
		{DB34DF8E-3B5B-44CC-9245-AD79F3198BD3}.Release|Any CPU.ActiveCfg = Release|Any CPU
		{DB34DF8E-3B5B-44CC-9245-AD79F3198BD3}.Release|Any CPU.Build.0 = Release|Any CPU
		{DB34DF8E-3B5B-44CC-9245-AD79F3198BD3}.Release|x64.ActiveCfg = Release|Any CPU
		{DB34DF8E-3B5B-44CC-9245-AD79F3198BD3}.Release|x64.Build.0 = Release|Any CPU
		{DB34DF8E-3B5B-44CC-9245-AD79F3198BD3}.Release|x86.ActiveCfg = Release|Any CPU
		{DB34DF8E-3B5B-44CC-9245-AD79F3198BD3}.Release|x86.Build.0 = Release|Any CPU
		{CEAA82FA-127F-47C2-B25F-5588FB63F7D1}.Debug|Any CPU.ActiveCfg = Debug|Any CPU
		{CEAA82FA-127F-47C2-B25F-5588FB63F7D1}.Debug|Any CPU.Build.0 = Debug|Any CPU
		{CEAA82FA-127F-47C2-B25F-5588FB63F7D1}.Debug|x64.ActiveCfg = Debug|Any CPU
		{CEAA82FA-127F-47C2-B25F-5588FB63F7D1}.Debug|x64.Build.0 = Debug|Any CPU
		{CEAA82FA-127F-47C2-B25F-5588FB63F7D1}.Debug|x86.ActiveCfg = Debug|Any CPU
		{CEAA82FA-127F-47C2-B25F-5588FB63F7D1}.Debug|x86.Build.0 = Debug|Any CPU
		{CEAA82FA-127F-47C2-B25F-5588FB63F7D1}.Release|Any CPU.ActiveCfg = Release|Any CPU
		{CEAA82FA-127F-47C2-B25F-5588FB63F7D1}.Release|Any CPU.Build.0 = Release|Any CPU
		{CEAA82FA-127F-47C2-B25F-5588FB63F7D1}.Release|x64.ActiveCfg = Release|Any CPU
		{CEAA82FA-127F-47C2-B25F-5588FB63F7D1}.Release|x64.Build.0 = Release|Any CPU
		{CEAA82FA-127F-47C2-B25F-5588FB63F7D1}.Release|x86.ActiveCfg = Release|Any CPU
		{CEAA82FA-127F-47C2-B25F-5588FB63F7D1}.Release|x86.Build.0 = Release|Any CPU
		{FCEEAC1F-D3CF-4C18-9CA3-2288B5DFAA14}.Debug|Any CPU.ActiveCfg = Debug|Any CPU
		{FCEEAC1F-D3CF-4C18-9CA3-2288B5DFAA14}.Debug|Any CPU.Build.0 = Debug|Any CPU
		{FCEEAC1F-D3CF-4C18-9CA3-2288B5DFAA14}.Debug|x64.ActiveCfg = Debug|Any CPU
		{FCEEAC1F-D3CF-4C18-9CA3-2288B5DFAA14}.Debug|x64.Build.0 = Debug|Any CPU
		{FCEEAC1F-D3CF-4C18-9CA3-2288B5DFAA14}.Debug|x86.ActiveCfg = Debug|Any CPU
		{FCEEAC1F-D3CF-4C18-9CA3-2288B5DFAA14}.Debug|x86.Build.0 = Debug|Any CPU
		{FCEEAC1F-D3CF-4C18-9CA3-2288B5DFAA14}.Release|Any CPU.ActiveCfg = Release|Any CPU
		{FCEEAC1F-D3CF-4C18-9CA3-2288B5DFAA14}.Release|Any CPU.Build.0 = Release|Any CPU
		{FCEEAC1F-D3CF-4C18-9CA3-2288B5DFAA14}.Release|x64.ActiveCfg = Release|Any CPU
		{FCEEAC1F-D3CF-4C18-9CA3-2288B5DFAA14}.Release|x64.Build.0 = Release|Any CPU
		{FCEEAC1F-D3CF-4C18-9CA3-2288B5DFAA14}.Release|x86.ActiveCfg = Release|Any CPU
		{FCEEAC1F-D3CF-4C18-9CA3-2288B5DFAA14}.Release|x86.Build.0 = Release|Any CPU
		{571B250E-E17D-4CD6-8778-52B838EB9DA0}.Debug|Any CPU.ActiveCfg = Debug|Any CPU
		{571B250E-E17D-4CD6-8778-52B838EB9DA0}.Debug|Any CPU.Build.0 = Debug|Any CPU
		{571B250E-E17D-4CD6-8778-52B838EB9DA0}.Debug|x64.ActiveCfg = Debug|Any CPU
		{571B250E-E17D-4CD6-8778-52B838EB9DA0}.Debug|x64.Build.0 = Debug|Any CPU
		{571B250E-E17D-4CD6-8778-52B838EB9DA0}.Debug|x86.ActiveCfg = Debug|Any CPU
		{571B250E-E17D-4CD6-8778-52B838EB9DA0}.Debug|x86.Build.0 = Debug|Any CPU
		{571B250E-E17D-4CD6-8778-52B838EB9DA0}.Release|Any CPU.ActiveCfg = Release|Any CPU
		{571B250E-E17D-4CD6-8778-52B838EB9DA0}.Release|Any CPU.Build.0 = Release|Any CPU
		{571B250E-E17D-4CD6-8778-52B838EB9DA0}.Release|x64.ActiveCfg = Release|Any CPU
		{571B250E-E17D-4CD6-8778-52B838EB9DA0}.Release|x64.Build.0 = Release|Any CPU
		{571B250E-E17D-4CD6-8778-52B838EB9DA0}.Release|x86.ActiveCfg = Release|Any CPU
		{571B250E-E17D-4CD6-8778-52B838EB9DA0}.Release|x86.Build.0 = Release|Any CPU
		{526B06CA-4937-44F2-97FB-E85680DD7867}.Debug|Any CPU.ActiveCfg = Debug|Any CPU
		{526B06CA-4937-44F2-97FB-E85680DD7867}.Debug|Any CPU.Build.0 = Debug|Any CPU
		{526B06CA-4937-44F2-97FB-E85680DD7867}.Debug|x64.ActiveCfg = Debug|Any CPU
		{526B06CA-4937-44F2-97FB-E85680DD7867}.Debug|x64.Build.0 = Debug|Any CPU
		{526B06CA-4937-44F2-97FB-E85680DD7867}.Debug|x86.ActiveCfg = Debug|Any CPU
		{526B06CA-4937-44F2-97FB-E85680DD7867}.Debug|x86.Build.0 = Debug|Any CPU
		{526B06CA-4937-44F2-97FB-E85680DD7867}.Release|Any CPU.ActiveCfg = Release|Any CPU
		{526B06CA-4937-44F2-97FB-E85680DD7867}.Release|Any CPU.Build.0 = Release|Any CPU
		{526B06CA-4937-44F2-97FB-E85680DD7867}.Release|x64.ActiveCfg = Release|Any CPU
		{526B06CA-4937-44F2-97FB-E85680DD7867}.Release|x64.Build.0 = Release|Any CPU
		{526B06CA-4937-44F2-97FB-E85680DD7867}.Release|x86.ActiveCfg = Release|Any CPU
		{526B06CA-4937-44F2-97FB-E85680DD7867}.Release|x86.Build.0 = Release|Any CPU
		{24D704DB-AB81-4F18-899C-910E8D45FC8B}.Debug|Any CPU.ActiveCfg = Debug|Any CPU
		{24D704DB-AB81-4F18-899C-910E8D45FC8B}.Debug|Any CPU.Build.0 = Debug|Any CPU
		{24D704DB-AB81-4F18-899C-910E8D45FC8B}.Debug|x64.ActiveCfg = Debug|Any CPU
		{24D704DB-AB81-4F18-899C-910E8D45FC8B}.Debug|x64.Build.0 = Debug|Any CPU
		{24D704DB-AB81-4F18-899C-910E8D45FC8B}.Debug|x86.ActiveCfg = Debug|Any CPU
		{24D704DB-AB81-4F18-899C-910E8D45FC8B}.Debug|x86.Build.0 = Debug|Any CPU
		{24D704DB-AB81-4F18-899C-910E8D45FC8B}.Release|Any CPU.ActiveCfg = Release|Any CPU
		{24D704DB-AB81-4F18-899C-910E8D45FC8B}.Release|Any CPU.Build.0 = Release|Any CPU
		{24D704DB-AB81-4F18-899C-910E8D45FC8B}.Release|x64.ActiveCfg = Release|Any CPU
		{24D704DB-AB81-4F18-899C-910E8D45FC8B}.Release|x64.Build.0 = Release|Any CPU
		{24D704DB-AB81-4F18-899C-910E8D45FC8B}.Release|x86.ActiveCfg = Release|Any CPU
		{24D704DB-AB81-4F18-899C-910E8D45FC8B}.Release|x86.Build.0 = Release|Any CPU
		{05E10AD6-94B3-4761-95E4-1F19E14F36D1}.Debug|Any CPU.ActiveCfg = Debug|Any CPU
		{05E10AD6-94B3-4761-95E4-1F19E14F36D1}.Debug|Any CPU.Build.0 = Debug|Any CPU
		{05E10AD6-94B3-4761-95E4-1F19E14F36D1}.Debug|x64.ActiveCfg = Debug|Any CPU
		{05E10AD6-94B3-4761-95E4-1F19E14F36D1}.Debug|x64.Build.0 = Debug|Any CPU
		{05E10AD6-94B3-4761-95E4-1F19E14F36D1}.Debug|x86.ActiveCfg = Debug|Any CPU
		{05E10AD6-94B3-4761-95E4-1F19E14F36D1}.Debug|x86.Build.0 = Debug|Any CPU
		{05E10AD6-94B3-4761-95E4-1F19E14F36D1}.Release|Any CPU.ActiveCfg = Release|Any CPU
		{05E10AD6-94B3-4761-95E4-1F19E14F36D1}.Release|Any CPU.Build.0 = Release|Any CPU
		{05E10AD6-94B3-4761-95E4-1F19E14F36D1}.Release|x64.ActiveCfg = Release|Any CPU
		{05E10AD6-94B3-4761-95E4-1F19E14F36D1}.Release|x64.Build.0 = Release|Any CPU
		{05E10AD6-94B3-4761-95E4-1F19E14F36D1}.Release|x86.ActiveCfg = Release|Any CPU
		{05E10AD6-94B3-4761-95E4-1F19E14F36D1}.Release|x86.Build.0 = Release|Any CPU
		{8CB5085F-5996-490C-90EC-022AB4AD9CBC}.Debug|Any CPU.ActiveCfg = Debug|Any CPU
		{8CB5085F-5996-490C-90EC-022AB4AD9CBC}.Debug|Any CPU.Build.0 = Debug|Any CPU
		{8CB5085F-5996-490C-90EC-022AB4AD9CBC}.Debug|x64.ActiveCfg = Debug|Any CPU
		{8CB5085F-5996-490C-90EC-022AB4AD9CBC}.Debug|x64.Build.0 = Debug|Any CPU
		{8CB5085F-5996-490C-90EC-022AB4AD9CBC}.Debug|x86.ActiveCfg = Debug|Any CPU
		{8CB5085F-5996-490C-90EC-022AB4AD9CBC}.Debug|x86.Build.0 = Debug|Any CPU
		{8CB5085F-5996-490C-90EC-022AB4AD9CBC}.Release|Any CPU.ActiveCfg = Release|Any CPU
		{8CB5085F-5996-490C-90EC-022AB4AD9CBC}.Release|Any CPU.Build.0 = Release|Any CPU
		{8CB5085F-5996-490C-90EC-022AB4AD9CBC}.Release|x64.ActiveCfg = Release|Any CPU
		{8CB5085F-5996-490C-90EC-022AB4AD9CBC}.Release|x64.Build.0 = Release|Any CPU
		{8CB5085F-5996-490C-90EC-022AB4AD9CBC}.Release|x86.ActiveCfg = Release|Any CPU
		{8CB5085F-5996-490C-90EC-022AB4AD9CBC}.Release|x86.Build.0 = Release|Any CPU
		{9E3CBBE1-9A1A-4C1C-817C-28D383D18384}.Debug|Any CPU.ActiveCfg = Debug|Any CPU
		{9E3CBBE1-9A1A-4C1C-817C-28D383D18384}.Debug|Any CPU.Build.0 = Debug|Any CPU
		{9E3CBBE1-9A1A-4C1C-817C-28D383D18384}.Debug|x64.ActiveCfg = Debug|Any CPU
		{9E3CBBE1-9A1A-4C1C-817C-28D383D18384}.Debug|x64.Build.0 = Debug|Any CPU
		{9E3CBBE1-9A1A-4C1C-817C-28D383D18384}.Debug|x86.ActiveCfg = Debug|Any CPU
		{9E3CBBE1-9A1A-4C1C-817C-28D383D18384}.Debug|x86.Build.0 = Debug|Any CPU
		{9E3CBBE1-9A1A-4C1C-817C-28D383D18384}.Release|Any CPU.ActiveCfg = Release|Any CPU
		{9E3CBBE1-9A1A-4C1C-817C-28D383D18384}.Release|Any CPU.Build.0 = Release|Any CPU
		{9E3CBBE1-9A1A-4C1C-817C-28D383D18384}.Release|x64.ActiveCfg = Release|Any CPU
		{9E3CBBE1-9A1A-4C1C-817C-28D383D18384}.Release|x64.Build.0 = Release|Any CPU
		{9E3CBBE1-9A1A-4C1C-817C-28D383D18384}.Release|x86.ActiveCfg = Release|Any CPU
		{9E3CBBE1-9A1A-4C1C-817C-28D383D18384}.Release|x86.Build.0 = Release|Any CPU
		{D3BFAA25-E460-4EC1-A60C-C183775DE8CC}.Debug|Any CPU.ActiveCfg = Debug|Any CPU
		{D3BFAA25-E460-4EC1-A60C-C183775DE8CC}.Debug|Any CPU.Build.0 = Debug|Any CPU
		{D3BFAA25-E460-4EC1-A60C-C183775DE8CC}.Debug|x64.ActiveCfg = Debug|Any CPU
		{D3BFAA25-E460-4EC1-A60C-C183775DE8CC}.Debug|x64.Build.0 = Debug|Any CPU
		{D3BFAA25-E460-4EC1-A60C-C183775DE8CC}.Debug|x86.ActiveCfg = Debug|Any CPU
		{D3BFAA25-E460-4EC1-A60C-C183775DE8CC}.Debug|x86.Build.0 = Debug|Any CPU
		{D3BFAA25-E460-4EC1-A60C-C183775DE8CC}.Release|Any CPU.ActiveCfg = Release|Any CPU
		{D3BFAA25-E460-4EC1-A60C-C183775DE8CC}.Release|Any CPU.Build.0 = Release|Any CPU
		{D3BFAA25-E460-4EC1-A60C-C183775DE8CC}.Release|x64.ActiveCfg = Release|Any CPU
		{D3BFAA25-E460-4EC1-A60C-C183775DE8CC}.Release|x64.Build.0 = Release|Any CPU
		{D3BFAA25-E460-4EC1-A60C-C183775DE8CC}.Release|x86.ActiveCfg = Release|Any CPU
		{D3BFAA25-E460-4EC1-A60C-C183775DE8CC}.Release|x86.Build.0 = Release|Any CPU
		{FC964C5F-0F80-4EDF-97E8-A4A20DE5492D}.Debug|Any CPU.ActiveCfg = Debug|Any CPU
		{FC964C5F-0F80-4EDF-97E8-A4A20DE5492D}.Debug|Any CPU.Build.0 = Debug|Any CPU
		{FC964C5F-0F80-4EDF-97E8-A4A20DE5492D}.Debug|x64.ActiveCfg = Debug|Any CPU
		{FC964C5F-0F80-4EDF-97E8-A4A20DE5492D}.Debug|x64.Build.0 = Debug|Any CPU
		{FC964C5F-0F80-4EDF-97E8-A4A20DE5492D}.Debug|x86.ActiveCfg = Debug|Any CPU
		{FC964C5F-0F80-4EDF-97E8-A4A20DE5492D}.Debug|x86.Build.0 = Debug|Any CPU
		{FC964C5F-0F80-4EDF-97E8-A4A20DE5492D}.Release|Any CPU.ActiveCfg = Release|Any CPU
		{FC964C5F-0F80-4EDF-97E8-A4A20DE5492D}.Release|Any CPU.Build.0 = Release|Any CPU
		{FC964C5F-0F80-4EDF-97E8-A4A20DE5492D}.Release|x64.ActiveCfg = Release|Any CPU
		{FC964C5F-0F80-4EDF-97E8-A4A20DE5492D}.Release|x64.Build.0 = Release|Any CPU
		{FC964C5F-0F80-4EDF-97E8-A4A20DE5492D}.Release|x86.ActiveCfg = Release|Any CPU
		{FC964C5F-0F80-4EDF-97E8-A4A20DE5492D}.Release|x86.Build.0 = Release|Any CPU
		{80DD908F-E015-4FD0-93AA-743A22E745EE}.Debug|Any CPU.ActiveCfg = Debug|Any CPU
		{80DD908F-E015-4FD0-93AA-743A22E745EE}.Debug|Any CPU.Build.0 = Debug|Any CPU
		{80DD908F-E015-4FD0-93AA-743A22E745EE}.Debug|x64.ActiveCfg = Debug|Any CPU
		{80DD908F-E015-4FD0-93AA-743A22E745EE}.Debug|x64.Build.0 = Debug|Any CPU
		{80DD908F-E015-4FD0-93AA-743A22E745EE}.Debug|x86.ActiveCfg = Debug|Any CPU
		{80DD908F-E015-4FD0-93AA-743A22E745EE}.Debug|x86.Build.0 = Debug|Any CPU
		{80DD908F-E015-4FD0-93AA-743A22E745EE}.Release|Any CPU.ActiveCfg = Release|Any CPU
		{80DD908F-E015-4FD0-93AA-743A22E745EE}.Release|Any CPU.Build.0 = Release|Any CPU
		{80DD908F-E015-4FD0-93AA-743A22E745EE}.Release|x64.ActiveCfg = Release|Any CPU
		{80DD908F-E015-4FD0-93AA-743A22E745EE}.Release|x64.Build.0 = Release|Any CPU
		{80DD908F-E015-4FD0-93AA-743A22E745EE}.Release|x86.ActiveCfg = Release|Any CPU
		{80DD908F-E015-4FD0-93AA-743A22E745EE}.Release|x86.Build.0 = Release|Any CPU
		{AE78C877-CE90-425B-BDDE-4951C6C3B577}.Debug|Any CPU.ActiveCfg = Debug|Any CPU
		{AE78C877-CE90-425B-BDDE-4951C6C3B577}.Debug|Any CPU.Build.0 = Debug|Any CPU
		{AE78C877-CE90-425B-BDDE-4951C6C3B577}.Debug|x64.ActiveCfg = Debug|Any CPU
		{AE78C877-CE90-425B-BDDE-4951C6C3B577}.Debug|x64.Build.0 = Debug|Any CPU
		{AE78C877-CE90-425B-BDDE-4951C6C3B577}.Debug|x86.ActiveCfg = Debug|Any CPU
		{AE78C877-CE90-425B-BDDE-4951C6C3B577}.Debug|x86.Build.0 = Debug|Any CPU
		{AE78C877-CE90-425B-BDDE-4951C6C3B577}.Release|Any CPU.ActiveCfg = Release|Any CPU
		{AE78C877-CE90-425B-BDDE-4951C6C3B577}.Release|Any CPU.Build.0 = Release|Any CPU
		{AE78C877-CE90-425B-BDDE-4951C6C3B577}.Release|x64.ActiveCfg = Release|Any CPU
		{AE78C877-CE90-425B-BDDE-4951C6C3B577}.Release|x64.Build.0 = Release|Any CPU
		{AE78C877-CE90-425B-BDDE-4951C6C3B577}.Release|x86.ActiveCfg = Release|Any CPU
		{AE78C877-CE90-425B-BDDE-4951C6C3B577}.Release|x86.Build.0 = Release|Any CPU
		{0333D249-02A9-47AD-BDA6-5FD7ABF7F066}.Debug|Any CPU.ActiveCfg = Debug|Any CPU
		{0333D249-02A9-47AD-BDA6-5FD7ABF7F066}.Debug|Any CPU.Build.0 = Debug|Any CPU
		{0333D249-02A9-47AD-BDA6-5FD7ABF7F066}.Debug|x64.ActiveCfg = Debug|Any CPU
		{0333D249-02A9-47AD-BDA6-5FD7ABF7F066}.Debug|x64.Build.0 = Debug|Any CPU
		{0333D249-02A9-47AD-BDA6-5FD7ABF7F066}.Debug|x86.ActiveCfg = Debug|Any CPU
		{0333D249-02A9-47AD-BDA6-5FD7ABF7F066}.Debug|x86.Build.0 = Debug|Any CPU
		{0333D249-02A9-47AD-BDA6-5FD7ABF7F066}.Release|Any CPU.ActiveCfg = Release|Any CPU
		{0333D249-02A9-47AD-BDA6-5FD7ABF7F066}.Release|Any CPU.Build.0 = Release|Any CPU
		{0333D249-02A9-47AD-BDA6-5FD7ABF7F066}.Release|x64.ActiveCfg = Release|Any CPU
		{0333D249-02A9-47AD-BDA6-5FD7ABF7F066}.Release|x64.Build.0 = Release|Any CPU
		{0333D249-02A9-47AD-BDA6-5FD7ABF7F066}.Release|x86.ActiveCfg = Release|Any CPU
		{0333D249-02A9-47AD-BDA6-5FD7ABF7F066}.Release|x86.Build.0 = Release|Any CPU
		{FA0DDC17-5730-4310-A421-7668B21E1CDD}.Debug|Any CPU.ActiveCfg = Debug|Any CPU
		{FA0DDC17-5730-4310-A421-7668B21E1CDD}.Debug|Any CPU.Build.0 = Debug|Any CPU
		{FA0DDC17-5730-4310-A421-7668B21E1CDD}.Debug|x64.ActiveCfg = Debug|Any CPU
		{FA0DDC17-5730-4310-A421-7668B21E1CDD}.Debug|x64.Build.0 = Debug|Any CPU
		{FA0DDC17-5730-4310-A421-7668B21E1CDD}.Debug|x86.ActiveCfg = Debug|Any CPU
		{FA0DDC17-5730-4310-A421-7668B21E1CDD}.Debug|x86.Build.0 = Debug|Any CPU
		{FA0DDC17-5730-4310-A421-7668B21E1CDD}.Release|Any CPU.ActiveCfg = Release|Any CPU
		{FA0DDC17-5730-4310-A421-7668B21E1CDD}.Release|Any CPU.Build.0 = Release|Any CPU
		{FA0DDC17-5730-4310-A421-7668B21E1CDD}.Release|x64.ActiveCfg = Release|Any CPU
		{FA0DDC17-5730-4310-A421-7668B21E1CDD}.Release|x64.Build.0 = Release|Any CPU
		{FA0DDC17-5730-4310-A421-7668B21E1CDD}.Release|x86.ActiveCfg = Release|Any CPU
		{FA0DDC17-5730-4310-A421-7668B21E1CDD}.Release|x86.Build.0 = Release|Any CPU
		{EC3E5278-8120-4A67-A57B-B7DE5211E12A}.Debug|Any CPU.ActiveCfg = Debug|Any CPU
		{EC3E5278-8120-4A67-A57B-B7DE5211E12A}.Debug|Any CPU.Build.0 = Debug|Any CPU
		{EC3E5278-8120-4A67-A57B-B7DE5211E12A}.Debug|x64.ActiveCfg = Debug|Any CPU
		{EC3E5278-8120-4A67-A57B-B7DE5211E12A}.Debug|x64.Build.0 = Debug|Any CPU
		{EC3E5278-8120-4A67-A57B-B7DE5211E12A}.Debug|x86.ActiveCfg = Debug|Any CPU
		{EC3E5278-8120-4A67-A57B-B7DE5211E12A}.Debug|x86.Build.0 = Debug|Any CPU
		{EC3E5278-8120-4A67-A57B-B7DE5211E12A}.Release|Any CPU.ActiveCfg = Release|Any CPU
		{EC3E5278-8120-4A67-A57B-B7DE5211E12A}.Release|Any CPU.Build.0 = Release|Any CPU
		{EC3E5278-8120-4A67-A57B-B7DE5211E12A}.Release|x64.ActiveCfg = Release|Any CPU
		{EC3E5278-8120-4A67-A57B-B7DE5211E12A}.Release|x64.Build.0 = Release|Any CPU
		{EC3E5278-8120-4A67-A57B-B7DE5211E12A}.Release|x86.ActiveCfg = Release|Any CPU
		{EC3E5278-8120-4A67-A57B-B7DE5211E12A}.Release|x86.Build.0 = Release|Any CPU
		{4D0AE262-0F9B-4E15-B5EA-6CCB0B81FE2C}.Debug|Any CPU.ActiveCfg = Debug|Any CPU
		{4D0AE262-0F9B-4E15-B5EA-6CCB0B81FE2C}.Debug|Any CPU.Build.0 = Debug|Any CPU
		{4D0AE262-0F9B-4E15-B5EA-6CCB0B81FE2C}.Debug|x64.ActiveCfg = Debug|Any CPU
		{4D0AE262-0F9B-4E15-B5EA-6CCB0B81FE2C}.Debug|x64.Build.0 = Debug|Any CPU
		{4D0AE262-0F9B-4E15-B5EA-6CCB0B81FE2C}.Debug|x86.ActiveCfg = Debug|Any CPU
		{4D0AE262-0F9B-4E15-B5EA-6CCB0B81FE2C}.Debug|x86.Build.0 = Debug|Any CPU
		{4D0AE262-0F9B-4E15-B5EA-6CCB0B81FE2C}.Release|Any CPU.ActiveCfg = Release|Any CPU
		{4D0AE262-0F9B-4E15-B5EA-6CCB0B81FE2C}.Release|Any CPU.Build.0 = Release|Any CPU
		{4D0AE262-0F9B-4E15-B5EA-6CCB0B81FE2C}.Release|x64.ActiveCfg = Release|Any CPU
		{4D0AE262-0F9B-4E15-B5EA-6CCB0B81FE2C}.Release|x64.Build.0 = Release|Any CPU
		{4D0AE262-0F9B-4E15-B5EA-6CCB0B81FE2C}.Release|x86.ActiveCfg = Release|Any CPU
		{4D0AE262-0F9B-4E15-B5EA-6CCB0B81FE2C}.Release|x86.Build.0 = Release|Any CPU
		{7BEA7878-B5BA-4480-BC56-2F7B836F64B9}.Debug|Any CPU.ActiveCfg = Debug|Any CPU
		{7BEA7878-B5BA-4480-BC56-2F7B836F64B9}.Debug|Any CPU.Build.0 = Debug|Any CPU
		{7BEA7878-B5BA-4480-BC56-2F7B836F64B9}.Debug|x64.ActiveCfg = Debug|Any CPU
		{7BEA7878-B5BA-4480-BC56-2F7B836F64B9}.Debug|x64.Build.0 = Debug|Any CPU
		{7BEA7878-B5BA-4480-BC56-2F7B836F64B9}.Debug|x86.ActiveCfg = Debug|Any CPU
		{7BEA7878-B5BA-4480-BC56-2F7B836F64B9}.Debug|x86.Build.0 = Debug|Any CPU
		{7BEA7878-B5BA-4480-BC56-2F7B836F64B9}.Release|Any CPU.ActiveCfg = Release|Any CPU
		{7BEA7878-B5BA-4480-BC56-2F7B836F64B9}.Release|Any CPU.Build.0 = Release|Any CPU
		{7BEA7878-B5BA-4480-BC56-2F7B836F64B9}.Release|x64.ActiveCfg = Release|Any CPU
		{7BEA7878-B5BA-4480-BC56-2F7B836F64B9}.Release|x64.Build.0 = Release|Any CPU
		{7BEA7878-B5BA-4480-BC56-2F7B836F64B9}.Release|x86.ActiveCfg = Release|Any CPU
		{7BEA7878-B5BA-4480-BC56-2F7B836F64B9}.Release|x86.Build.0 = Release|Any CPU
		{38FFE1DF-4B49-40C1-9908-51860BCF2D3E}.Debug|Any CPU.ActiveCfg = Debug|Any CPU
		{38FFE1DF-4B49-40C1-9908-51860BCF2D3E}.Debug|Any CPU.Build.0 = Debug|Any CPU
		{38FFE1DF-4B49-40C1-9908-51860BCF2D3E}.Debug|x64.ActiveCfg = Debug|Any CPU
		{38FFE1DF-4B49-40C1-9908-51860BCF2D3E}.Debug|x64.Build.0 = Debug|Any CPU
		{38FFE1DF-4B49-40C1-9908-51860BCF2D3E}.Debug|x86.ActiveCfg = Debug|Any CPU
		{38FFE1DF-4B49-40C1-9908-51860BCF2D3E}.Debug|x86.Build.0 = Debug|Any CPU
		{38FFE1DF-4B49-40C1-9908-51860BCF2D3E}.Release|Any CPU.ActiveCfg = Release|Any CPU
		{38FFE1DF-4B49-40C1-9908-51860BCF2D3E}.Release|Any CPU.Build.0 = Release|Any CPU
		{38FFE1DF-4B49-40C1-9908-51860BCF2D3E}.Release|x64.ActiveCfg = Release|Any CPU
		{38FFE1DF-4B49-40C1-9908-51860BCF2D3E}.Release|x64.Build.0 = Release|Any CPU
		{38FFE1DF-4B49-40C1-9908-51860BCF2D3E}.Release|x86.ActiveCfg = Release|Any CPU
		{38FFE1DF-4B49-40C1-9908-51860BCF2D3E}.Release|x86.Build.0 = Release|Any CPU
		{83C963FD-DC23-46E8-9545-F56197164810}.Debug|Any CPU.ActiveCfg = Debug|Any CPU
		{83C963FD-DC23-46E8-9545-F56197164810}.Debug|Any CPU.Build.0 = Debug|Any CPU
		{83C963FD-DC23-46E8-9545-F56197164810}.Debug|x64.ActiveCfg = Debug|Any CPU
		{83C963FD-DC23-46E8-9545-F56197164810}.Debug|x64.Build.0 = Debug|Any CPU
		{83C963FD-DC23-46E8-9545-F56197164810}.Debug|x86.ActiveCfg = Debug|Any CPU
		{83C963FD-DC23-46E8-9545-F56197164810}.Debug|x86.Build.0 = Debug|Any CPU
		{83C963FD-DC23-46E8-9545-F56197164810}.Release|Any CPU.ActiveCfg = Release|Any CPU
		{83C963FD-DC23-46E8-9545-F56197164810}.Release|Any CPU.Build.0 = Release|Any CPU
		{83C963FD-DC23-46E8-9545-F56197164810}.Release|x64.ActiveCfg = Release|Any CPU
		{83C963FD-DC23-46E8-9545-F56197164810}.Release|x64.Build.0 = Release|Any CPU
		{83C963FD-DC23-46E8-9545-F56197164810}.Release|x86.ActiveCfg = Release|Any CPU
		{83C963FD-DC23-46E8-9545-F56197164810}.Release|x86.Build.0 = Release|Any CPU
		{1FAA4D67-8D51-45F3-80CB-D43004EA2702}.Debug|Any CPU.ActiveCfg = Debug|Any CPU
		{1FAA4D67-8D51-45F3-80CB-D43004EA2702}.Debug|Any CPU.Build.0 = Debug|Any CPU
		{1FAA4D67-8D51-45F3-80CB-D43004EA2702}.Debug|x64.ActiveCfg = Debug|Any CPU
		{1FAA4D67-8D51-45F3-80CB-D43004EA2702}.Debug|x64.Build.0 = Debug|Any CPU
		{1FAA4D67-8D51-45F3-80CB-D43004EA2702}.Debug|x86.ActiveCfg = Debug|Any CPU
		{1FAA4D67-8D51-45F3-80CB-D43004EA2702}.Debug|x86.Build.0 = Debug|Any CPU
		{1FAA4D67-8D51-45F3-80CB-D43004EA2702}.Release|Any CPU.ActiveCfg = Release|Any CPU
		{1FAA4D67-8D51-45F3-80CB-D43004EA2702}.Release|Any CPU.Build.0 = Release|Any CPU
		{1FAA4D67-8D51-45F3-80CB-D43004EA2702}.Release|x64.ActiveCfg = Release|Any CPU
		{1FAA4D67-8D51-45F3-80CB-D43004EA2702}.Release|x64.Build.0 = Release|Any CPU
		{1FAA4D67-8D51-45F3-80CB-D43004EA2702}.Release|x86.ActiveCfg = Release|Any CPU
		{1FAA4D67-8D51-45F3-80CB-D43004EA2702}.Release|x86.Build.0 = Release|Any CPU
		{2B9107EC-AF68-4FC4-AA1C-79218032F9EA}.Debug|Any CPU.ActiveCfg = Debug|Any CPU
		{2B9107EC-AF68-4FC4-AA1C-79218032F9EA}.Debug|Any CPU.Build.0 = Debug|Any CPU
		{2B9107EC-AF68-4FC4-AA1C-79218032F9EA}.Debug|x64.ActiveCfg = Debug|Any CPU
		{2B9107EC-AF68-4FC4-AA1C-79218032F9EA}.Debug|x64.Build.0 = Debug|Any CPU
		{2B9107EC-AF68-4FC4-AA1C-79218032F9EA}.Debug|x86.ActiveCfg = Debug|Any CPU
		{2B9107EC-AF68-4FC4-AA1C-79218032F9EA}.Debug|x86.Build.0 = Debug|Any CPU
		{2B9107EC-AF68-4FC4-AA1C-79218032F9EA}.Release|Any CPU.ActiveCfg = Release|Any CPU
		{2B9107EC-AF68-4FC4-AA1C-79218032F9EA}.Release|Any CPU.Build.0 = Release|Any CPU
		{2B9107EC-AF68-4FC4-AA1C-79218032F9EA}.Release|x64.ActiveCfg = Release|Any CPU
		{2B9107EC-AF68-4FC4-AA1C-79218032F9EA}.Release|x64.Build.0 = Release|Any CPU
		{2B9107EC-AF68-4FC4-AA1C-79218032F9EA}.Release|x86.ActiveCfg = Release|Any CPU
		{2B9107EC-AF68-4FC4-AA1C-79218032F9EA}.Release|x86.Build.0 = Release|Any CPU
		{77542A9C-B731-4DB3-A0C6-69ED9737AFC6}.Debug|Any CPU.ActiveCfg = Debug|Any CPU
		{77542A9C-B731-4DB3-A0C6-69ED9737AFC6}.Debug|Any CPU.Build.0 = Debug|Any CPU
		{77542A9C-B731-4DB3-A0C6-69ED9737AFC6}.Debug|x64.ActiveCfg = Debug|Any CPU
		{77542A9C-B731-4DB3-A0C6-69ED9737AFC6}.Debug|x64.Build.0 = Debug|Any CPU
		{77542A9C-B731-4DB3-A0C6-69ED9737AFC6}.Debug|x86.ActiveCfg = Debug|Any CPU
		{77542A9C-B731-4DB3-A0C6-69ED9737AFC6}.Debug|x86.Build.0 = Debug|Any CPU
		{77542A9C-B731-4DB3-A0C6-69ED9737AFC6}.Release|Any CPU.ActiveCfg = Release|Any CPU
		{77542A9C-B731-4DB3-A0C6-69ED9737AFC6}.Release|Any CPU.Build.0 = Release|Any CPU
		{77542A9C-B731-4DB3-A0C6-69ED9737AFC6}.Release|x64.ActiveCfg = Release|Any CPU
		{77542A9C-B731-4DB3-A0C6-69ED9737AFC6}.Release|x64.Build.0 = Release|Any CPU
		{77542A9C-B731-4DB3-A0C6-69ED9737AFC6}.Release|x86.ActiveCfg = Release|Any CPU
		{77542A9C-B731-4DB3-A0C6-69ED9737AFC6}.Release|x86.Build.0 = Release|Any CPU
		{9C8AB5AA-226D-45AC-A453-3D56C3DE26B5}.Debug|Any CPU.ActiveCfg = Debug|Any CPU
		{9C8AB5AA-226D-45AC-A453-3D56C3DE26B5}.Debug|Any CPU.Build.0 = Debug|Any CPU
		{9C8AB5AA-226D-45AC-A453-3D56C3DE26B5}.Debug|x64.ActiveCfg = Debug|Any CPU
		{9C8AB5AA-226D-45AC-A453-3D56C3DE26B5}.Debug|x64.Build.0 = Debug|Any CPU
		{9C8AB5AA-226D-45AC-A453-3D56C3DE26B5}.Debug|x86.ActiveCfg = Debug|Any CPU
		{9C8AB5AA-226D-45AC-A453-3D56C3DE26B5}.Debug|x86.Build.0 = Debug|Any CPU
		{9C8AB5AA-226D-45AC-A453-3D56C3DE26B5}.Release|Any CPU.ActiveCfg = Release|Any CPU
		{9C8AB5AA-226D-45AC-A453-3D56C3DE26B5}.Release|Any CPU.Build.0 = Release|Any CPU
		{9C8AB5AA-226D-45AC-A453-3D56C3DE26B5}.Release|x64.ActiveCfg = Release|Any CPU
		{9C8AB5AA-226D-45AC-A453-3D56C3DE26B5}.Release|x64.Build.0 = Release|Any CPU
		{9C8AB5AA-226D-45AC-A453-3D56C3DE26B5}.Release|x86.ActiveCfg = Release|Any CPU
		{9C8AB5AA-226D-45AC-A453-3D56C3DE26B5}.Release|x86.Build.0 = Release|Any CPU
		{F6914FC7-95DD-4E68-8C94-F9340D8A4396}.Debug|Any CPU.ActiveCfg = Debug|Any CPU
		{F6914FC7-95DD-4E68-8C94-F9340D8A4396}.Debug|Any CPU.Build.0 = Debug|Any CPU
		{F6914FC7-95DD-4E68-8C94-F9340D8A4396}.Debug|x64.ActiveCfg = Debug|Any CPU
		{F6914FC7-95DD-4E68-8C94-F9340D8A4396}.Debug|x64.Build.0 = Debug|Any CPU
		{F6914FC7-95DD-4E68-8C94-F9340D8A4396}.Debug|x86.ActiveCfg = Debug|Any CPU
		{F6914FC7-95DD-4E68-8C94-F9340D8A4396}.Debug|x86.Build.0 = Debug|Any CPU
		{F6914FC7-95DD-4E68-8C94-F9340D8A4396}.Release|Any CPU.ActiveCfg = Release|Any CPU
		{F6914FC7-95DD-4E68-8C94-F9340D8A4396}.Release|Any CPU.Build.0 = Release|Any CPU
		{F6914FC7-95DD-4E68-8C94-F9340D8A4396}.Release|x64.ActiveCfg = Release|Any CPU
		{F6914FC7-95DD-4E68-8C94-F9340D8A4396}.Release|x64.Build.0 = Release|Any CPU
		{F6914FC7-95DD-4E68-8C94-F9340D8A4396}.Release|x86.ActiveCfg = Release|Any CPU
		{F6914FC7-95DD-4E68-8C94-F9340D8A4396}.Release|x86.Build.0 = Release|Any CPU
		{02D6FD4C-EDAA-48ED-98E4-5A168E3F8BDB}.Debug|Any CPU.ActiveCfg = Debug|Any CPU
		{02D6FD4C-EDAA-48ED-98E4-5A168E3F8BDB}.Debug|Any CPU.Build.0 = Debug|Any CPU
		{02D6FD4C-EDAA-48ED-98E4-5A168E3F8BDB}.Debug|x64.ActiveCfg = Debug|Any CPU
		{02D6FD4C-EDAA-48ED-98E4-5A168E3F8BDB}.Debug|x64.Build.0 = Debug|Any CPU
		{02D6FD4C-EDAA-48ED-98E4-5A168E3F8BDB}.Debug|x86.ActiveCfg = Debug|Any CPU
		{02D6FD4C-EDAA-48ED-98E4-5A168E3F8BDB}.Debug|x86.Build.0 = Debug|Any CPU
		{02D6FD4C-EDAA-48ED-98E4-5A168E3F8BDB}.Release|Any CPU.ActiveCfg = Release|Any CPU
		{02D6FD4C-EDAA-48ED-98E4-5A168E3F8BDB}.Release|Any CPU.Build.0 = Release|Any CPU
		{02D6FD4C-EDAA-48ED-98E4-5A168E3F8BDB}.Release|x64.ActiveCfg = Release|Any CPU
		{02D6FD4C-EDAA-48ED-98E4-5A168E3F8BDB}.Release|x64.Build.0 = Release|Any CPU
		{02D6FD4C-EDAA-48ED-98E4-5A168E3F8BDB}.Release|x86.ActiveCfg = Release|Any CPU
		{02D6FD4C-EDAA-48ED-98E4-5A168E3F8BDB}.Release|x86.Build.0 = Release|Any CPU
		{B619B322-E8B2-4327-ADEE-9528CC8746E8}.Debug|Any CPU.ActiveCfg = Debug|Any CPU
		{B619B322-E8B2-4327-ADEE-9528CC8746E8}.Debug|Any CPU.Build.0 = Debug|Any CPU
		{B619B322-E8B2-4327-ADEE-9528CC8746E8}.Debug|x64.ActiveCfg = Debug|Any CPU
		{B619B322-E8B2-4327-ADEE-9528CC8746E8}.Debug|x64.Build.0 = Debug|Any CPU
		{B619B322-E8B2-4327-ADEE-9528CC8746E8}.Debug|x86.ActiveCfg = Debug|Any CPU
		{B619B322-E8B2-4327-ADEE-9528CC8746E8}.Debug|x86.Build.0 = Debug|Any CPU
		{B619B322-E8B2-4327-ADEE-9528CC8746E8}.Release|Any CPU.ActiveCfg = Release|Any CPU
		{B619B322-E8B2-4327-ADEE-9528CC8746E8}.Release|Any CPU.Build.0 = Release|Any CPU
		{B619B322-E8B2-4327-ADEE-9528CC8746E8}.Release|x64.ActiveCfg = Release|Any CPU
		{B619B322-E8B2-4327-ADEE-9528CC8746E8}.Release|x64.Build.0 = Release|Any CPU
		{B619B322-E8B2-4327-ADEE-9528CC8746E8}.Release|x86.ActiveCfg = Release|Any CPU
		{B619B322-E8B2-4327-ADEE-9528CC8746E8}.Release|x86.Build.0 = Release|Any CPU
		{FA23A537-6B8A-4FCD-8A89-6EC1556B6E59}.Debug|Any CPU.ActiveCfg = Debug|Any CPU
		{FA23A537-6B8A-4FCD-8A89-6EC1556B6E59}.Debug|Any CPU.Build.0 = Debug|Any CPU
		{FA23A537-6B8A-4FCD-8A89-6EC1556B6E59}.Debug|x64.ActiveCfg = Debug|Any CPU
		{FA23A537-6B8A-4FCD-8A89-6EC1556B6E59}.Debug|x64.Build.0 = Debug|Any CPU
		{FA23A537-6B8A-4FCD-8A89-6EC1556B6E59}.Debug|x86.ActiveCfg = Debug|Any CPU
		{FA23A537-6B8A-4FCD-8A89-6EC1556B6E59}.Debug|x86.Build.0 = Debug|Any CPU
		{FA23A537-6B8A-4FCD-8A89-6EC1556B6E59}.Release|Any CPU.ActiveCfg = Release|Any CPU
		{FA23A537-6B8A-4FCD-8A89-6EC1556B6E59}.Release|Any CPU.Build.0 = Release|Any CPU
		{FA23A537-6B8A-4FCD-8A89-6EC1556B6E59}.Release|x64.ActiveCfg = Release|Any CPU
		{FA23A537-6B8A-4FCD-8A89-6EC1556B6E59}.Release|x64.Build.0 = Release|Any CPU
		{FA23A537-6B8A-4FCD-8A89-6EC1556B6E59}.Release|x86.ActiveCfg = Release|Any CPU
		{FA23A537-6B8A-4FCD-8A89-6EC1556B6E59}.Release|x86.Build.0 = Release|Any CPU
		{960C5BA2-F949-4D54-BE00-18D90B7D3FEA}.Debug|Any CPU.ActiveCfg = Debug|Any CPU
		{960C5BA2-F949-4D54-BE00-18D90B7D3FEA}.Debug|Any CPU.Build.0 = Debug|Any CPU
		{960C5BA2-F949-4D54-BE00-18D90B7D3FEA}.Debug|x64.ActiveCfg = Debug|Any CPU
		{960C5BA2-F949-4D54-BE00-18D90B7D3FEA}.Debug|x64.Build.0 = Debug|Any CPU
		{960C5BA2-F949-4D54-BE00-18D90B7D3FEA}.Debug|x86.ActiveCfg = Debug|Any CPU
		{960C5BA2-F949-4D54-BE00-18D90B7D3FEA}.Debug|x86.Build.0 = Debug|Any CPU
		{960C5BA2-F949-4D54-BE00-18D90B7D3FEA}.Release|Any CPU.ActiveCfg = Release|Any CPU
		{960C5BA2-F949-4D54-BE00-18D90B7D3FEA}.Release|Any CPU.Build.0 = Release|Any CPU
		{960C5BA2-F949-4D54-BE00-18D90B7D3FEA}.Release|x64.ActiveCfg = Release|Any CPU
		{960C5BA2-F949-4D54-BE00-18D90B7D3FEA}.Release|x64.Build.0 = Release|Any CPU
		{960C5BA2-F949-4D54-BE00-18D90B7D3FEA}.Release|x86.ActiveCfg = Release|Any CPU
		{960C5BA2-F949-4D54-BE00-18D90B7D3FEA}.Release|x86.Build.0 = Release|Any CPU
		{0B238891-B87C-48E8-821C-36FCA3B4DB9E}.Debug|Any CPU.ActiveCfg = Debug|Any CPU
		{0B238891-B87C-48E8-821C-36FCA3B4DB9E}.Debug|Any CPU.Build.0 = Debug|Any CPU
		{0B238891-B87C-48E8-821C-36FCA3B4DB9E}.Debug|x64.ActiveCfg = Debug|Any CPU
		{0B238891-B87C-48E8-821C-36FCA3B4DB9E}.Debug|x64.Build.0 = Debug|Any CPU
		{0B238891-B87C-48E8-821C-36FCA3B4DB9E}.Debug|x86.ActiveCfg = Debug|Any CPU
		{0B238891-B87C-48E8-821C-36FCA3B4DB9E}.Debug|x86.Build.0 = Debug|Any CPU
		{0B238891-B87C-48E8-821C-36FCA3B4DB9E}.Release|Any CPU.ActiveCfg = Release|Any CPU
		{0B238891-B87C-48E8-821C-36FCA3B4DB9E}.Release|Any CPU.Build.0 = Release|Any CPU
		{0B238891-B87C-48E8-821C-36FCA3B4DB9E}.Release|x64.ActiveCfg = Release|Any CPU
		{0B238891-B87C-48E8-821C-36FCA3B4DB9E}.Release|x64.Build.0 = Release|Any CPU
		{0B238891-B87C-48E8-821C-36FCA3B4DB9E}.Release|x86.ActiveCfg = Release|Any CPU
		{0B238891-B87C-48E8-821C-36FCA3B4DB9E}.Release|x86.Build.0 = Release|Any CPU
		{79074C1B-34B8-4F11-B014-DCD138B45F04}.Debug|Any CPU.ActiveCfg = Debug|Any CPU
		{79074C1B-34B8-4F11-B014-DCD138B45F04}.Debug|Any CPU.Build.0 = Debug|Any CPU
		{79074C1B-34B8-4F11-B014-DCD138B45F04}.Debug|x64.ActiveCfg = Debug|Any CPU
		{79074C1B-34B8-4F11-B014-DCD138B45F04}.Debug|x64.Build.0 = Debug|Any CPU
		{79074C1B-34B8-4F11-B014-DCD138B45F04}.Debug|x86.ActiveCfg = Debug|Any CPU
		{79074C1B-34B8-4F11-B014-DCD138B45F04}.Debug|x86.Build.0 = Debug|Any CPU
		{79074C1B-34B8-4F11-B014-DCD138B45F04}.Release|Any CPU.ActiveCfg = Release|Any CPU
		{79074C1B-34B8-4F11-B014-DCD138B45F04}.Release|Any CPU.Build.0 = Release|Any CPU
		{79074C1B-34B8-4F11-B014-DCD138B45F04}.Release|x64.ActiveCfg = Release|Any CPU
		{79074C1B-34B8-4F11-B014-DCD138B45F04}.Release|x64.Build.0 = Release|Any CPU
		{79074C1B-34B8-4F11-B014-DCD138B45F04}.Release|x86.ActiveCfg = Release|Any CPU
		{79074C1B-34B8-4F11-B014-DCD138B45F04}.Release|x86.Build.0 = Release|Any CPU
		{83344912-FB20-4828-9DF1-A2849E6C1BD0}.Debug|Any CPU.ActiveCfg = Debug|Any CPU
		{83344912-FB20-4828-9DF1-A2849E6C1BD0}.Debug|Any CPU.Build.0 = Debug|Any CPU
		{83344912-FB20-4828-9DF1-A2849E6C1BD0}.Debug|x64.ActiveCfg = Debug|Any CPU
		{83344912-FB20-4828-9DF1-A2849E6C1BD0}.Debug|x64.Build.0 = Debug|Any CPU
		{83344912-FB20-4828-9DF1-A2849E6C1BD0}.Debug|x86.ActiveCfg = Debug|Any CPU
		{83344912-FB20-4828-9DF1-A2849E6C1BD0}.Debug|x86.Build.0 = Debug|Any CPU
		{83344912-FB20-4828-9DF1-A2849E6C1BD0}.Release|Any CPU.ActiveCfg = Release|Any CPU
		{83344912-FB20-4828-9DF1-A2849E6C1BD0}.Release|Any CPU.Build.0 = Release|Any CPU
		{83344912-FB20-4828-9DF1-A2849E6C1BD0}.Release|x64.ActiveCfg = Release|Any CPU
		{83344912-FB20-4828-9DF1-A2849E6C1BD0}.Release|x64.Build.0 = Release|Any CPU
		{83344912-FB20-4828-9DF1-A2849E6C1BD0}.Release|x86.ActiveCfg = Release|Any CPU
		{83344912-FB20-4828-9DF1-A2849E6C1BD0}.Release|x86.Build.0 = Release|Any CPU
		{C9E13023-04F4-4E8A-8391-9ED39D2B031C}.Debug|Any CPU.ActiveCfg = Debug|Any CPU
		{C9E13023-04F4-4E8A-8391-9ED39D2B031C}.Debug|Any CPU.Build.0 = Debug|Any CPU
		{C9E13023-04F4-4E8A-8391-9ED39D2B031C}.Debug|x64.ActiveCfg = Debug|Any CPU
		{C9E13023-04F4-4E8A-8391-9ED39D2B031C}.Debug|x64.Build.0 = Debug|Any CPU
		{C9E13023-04F4-4E8A-8391-9ED39D2B031C}.Debug|x86.ActiveCfg = Debug|Any CPU
		{C9E13023-04F4-4E8A-8391-9ED39D2B031C}.Debug|x86.Build.0 = Debug|Any CPU
		{C9E13023-04F4-4E8A-8391-9ED39D2B031C}.Release|Any CPU.ActiveCfg = Release|Any CPU
		{C9E13023-04F4-4E8A-8391-9ED39D2B031C}.Release|Any CPU.Build.0 = Release|Any CPU
		{C9E13023-04F4-4E8A-8391-9ED39D2B031C}.Release|x64.ActiveCfg = Release|Any CPU
		{C9E13023-04F4-4E8A-8391-9ED39D2B031C}.Release|x64.Build.0 = Release|Any CPU
		{C9E13023-04F4-4E8A-8391-9ED39D2B031C}.Release|x86.ActiveCfg = Release|Any CPU
		{C9E13023-04F4-4E8A-8391-9ED39D2B031C}.Release|x86.Build.0 = Release|Any CPU
		{593FA20F-0D2E-436F-8043-E6FED962189E}.Debug|Any CPU.ActiveCfg = Debug|Any CPU
		{593FA20F-0D2E-436F-8043-E6FED962189E}.Debug|Any CPU.Build.0 = Debug|Any CPU
		{593FA20F-0D2E-436F-8043-E6FED962189E}.Debug|x64.ActiveCfg = Debug|Any CPU
		{593FA20F-0D2E-436F-8043-E6FED962189E}.Debug|x64.Build.0 = Debug|Any CPU
		{593FA20F-0D2E-436F-8043-E6FED962189E}.Debug|x86.ActiveCfg = Debug|Any CPU
		{593FA20F-0D2E-436F-8043-E6FED962189E}.Debug|x86.Build.0 = Debug|Any CPU
		{593FA20F-0D2E-436F-8043-E6FED962189E}.Release|Any CPU.ActiveCfg = Release|Any CPU
		{593FA20F-0D2E-436F-8043-E6FED962189E}.Release|Any CPU.Build.0 = Release|Any CPU
		{593FA20F-0D2E-436F-8043-E6FED962189E}.Release|x64.ActiveCfg = Release|Any CPU
		{593FA20F-0D2E-436F-8043-E6FED962189E}.Release|x64.Build.0 = Release|Any CPU
		{593FA20F-0D2E-436F-8043-E6FED962189E}.Release|x86.ActiveCfg = Release|Any CPU
		{593FA20F-0D2E-436F-8043-E6FED962189E}.Release|x86.Build.0 = Release|Any CPU
		{17659D67-13E0-4743-BCE6-156AB2262C39}.Debug|Any CPU.ActiveCfg = Debug|Any CPU
		{17659D67-13E0-4743-BCE6-156AB2262C39}.Debug|Any CPU.Build.0 = Debug|Any CPU
		{17659D67-13E0-4743-BCE6-156AB2262C39}.Debug|x64.ActiveCfg = Debug|Any CPU
		{17659D67-13E0-4743-BCE6-156AB2262C39}.Debug|x64.Build.0 = Debug|Any CPU
		{17659D67-13E0-4743-BCE6-156AB2262C39}.Debug|x86.ActiveCfg = Debug|Any CPU
		{17659D67-13E0-4743-BCE6-156AB2262C39}.Debug|x86.Build.0 = Debug|Any CPU
		{17659D67-13E0-4743-BCE6-156AB2262C39}.Release|Any CPU.ActiveCfg = Release|Any CPU
		{17659D67-13E0-4743-BCE6-156AB2262C39}.Release|Any CPU.Build.0 = Release|Any CPU
		{17659D67-13E0-4743-BCE6-156AB2262C39}.Release|x64.ActiveCfg = Release|Any CPU
		{17659D67-13E0-4743-BCE6-156AB2262C39}.Release|x64.Build.0 = Release|Any CPU
		{17659D67-13E0-4743-BCE6-156AB2262C39}.Release|x86.ActiveCfg = Release|Any CPU
		{17659D67-13E0-4743-BCE6-156AB2262C39}.Release|x86.Build.0 = Release|Any CPU
		{71A6E9B6-7551-47A2-91FD-5265C519C1E8}.Debug|Any CPU.ActiveCfg = Debug|Any CPU
		{71A6E9B6-7551-47A2-91FD-5265C519C1E8}.Debug|Any CPU.Build.0 = Debug|Any CPU
		{71A6E9B6-7551-47A2-91FD-5265C519C1E8}.Debug|x64.ActiveCfg = Debug|Any CPU
		{71A6E9B6-7551-47A2-91FD-5265C519C1E8}.Debug|x64.Build.0 = Debug|Any CPU
		{71A6E9B6-7551-47A2-91FD-5265C519C1E8}.Debug|x86.ActiveCfg = Debug|Any CPU
		{71A6E9B6-7551-47A2-91FD-5265C519C1E8}.Debug|x86.Build.0 = Debug|Any CPU
		{71A6E9B6-7551-47A2-91FD-5265C519C1E8}.Release|Any CPU.ActiveCfg = Release|Any CPU
		{71A6E9B6-7551-47A2-91FD-5265C519C1E8}.Release|Any CPU.Build.0 = Release|Any CPU
		{71A6E9B6-7551-47A2-91FD-5265C519C1E8}.Release|x64.ActiveCfg = Release|Any CPU
		{71A6E9B6-7551-47A2-91FD-5265C519C1E8}.Release|x64.Build.0 = Release|Any CPU
		{71A6E9B6-7551-47A2-91FD-5265C519C1E8}.Release|x86.ActiveCfg = Release|Any CPU
		{71A6E9B6-7551-47A2-91FD-5265C519C1E8}.Release|x86.Build.0 = Release|Any CPU
		{15D2C8B2-EE42-4E9E-8505-C1C693B7FE4D}.Debug|Any CPU.ActiveCfg = Debug|Any CPU
		{15D2C8B2-EE42-4E9E-8505-C1C693B7FE4D}.Debug|Any CPU.Build.0 = Debug|Any CPU
		{15D2C8B2-EE42-4E9E-8505-C1C693B7FE4D}.Debug|x64.ActiveCfg = Debug|Any CPU
		{15D2C8B2-EE42-4E9E-8505-C1C693B7FE4D}.Debug|x64.Build.0 = Debug|Any CPU
		{15D2C8B2-EE42-4E9E-8505-C1C693B7FE4D}.Debug|x86.ActiveCfg = Debug|Any CPU
		{15D2C8B2-EE42-4E9E-8505-C1C693B7FE4D}.Debug|x86.Build.0 = Debug|Any CPU
		{15D2C8B2-EE42-4E9E-8505-C1C693B7FE4D}.Release|Any CPU.ActiveCfg = Release|Any CPU
		{15D2C8B2-EE42-4E9E-8505-C1C693B7FE4D}.Release|Any CPU.Build.0 = Release|Any CPU
		{15D2C8B2-EE42-4E9E-8505-C1C693B7FE4D}.Release|x64.ActiveCfg = Release|Any CPU
		{15D2C8B2-EE42-4E9E-8505-C1C693B7FE4D}.Release|x64.Build.0 = Release|Any CPU
		{15D2C8B2-EE42-4E9E-8505-C1C693B7FE4D}.Release|x86.ActiveCfg = Release|Any CPU
		{15D2C8B2-EE42-4E9E-8505-C1C693B7FE4D}.Release|x86.Build.0 = Release|Any CPU
		{C7541651-3C8C-4E22-92B0-A56C2DF94486}.Debug|Any CPU.ActiveCfg = Debug|Any CPU
		{C7541651-3C8C-4E22-92B0-A56C2DF94486}.Debug|Any CPU.Build.0 = Debug|Any CPU
		{C7541651-3C8C-4E22-92B0-A56C2DF94486}.Debug|x64.ActiveCfg = Debug|Any CPU
		{C7541651-3C8C-4E22-92B0-A56C2DF94486}.Debug|x64.Build.0 = Debug|Any CPU
		{C7541651-3C8C-4E22-92B0-A56C2DF94486}.Debug|x86.ActiveCfg = Debug|Any CPU
		{C7541651-3C8C-4E22-92B0-A56C2DF94486}.Debug|x86.Build.0 = Debug|Any CPU
		{C7541651-3C8C-4E22-92B0-A56C2DF94486}.Release|Any CPU.ActiveCfg = Release|Any CPU
		{C7541651-3C8C-4E22-92B0-A56C2DF94486}.Release|Any CPU.Build.0 = Release|Any CPU
		{C7541651-3C8C-4E22-92B0-A56C2DF94486}.Release|x64.ActiveCfg = Release|Any CPU
		{C7541651-3C8C-4E22-92B0-A56C2DF94486}.Release|x64.Build.0 = Release|Any CPU
		{C7541651-3C8C-4E22-92B0-A56C2DF94486}.Release|x86.ActiveCfg = Release|Any CPU
		{C7541651-3C8C-4E22-92B0-A56C2DF94486}.Release|x86.Build.0 = Release|Any CPU
		{08FBF546-FD2F-4C9E-9249-1A501F913F6D}.Debug|Any CPU.ActiveCfg = Debug|Any CPU
		{08FBF546-FD2F-4C9E-9249-1A501F913F6D}.Debug|Any CPU.Build.0 = Debug|Any CPU
		{08FBF546-FD2F-4C9E-9249-1A501F913F6D}.Debug|x64.ActiveCfg = Debug|Any CPU
		{08FBF546-FD2F-4C9E-9249-1A501F913F6D}.Debug|x64.Build.0 = Debug|Any CPU
		{08FBF546-FD2F-4C9E-9249-1A501F913F6D}.Debug|x86.ActiveCfg = Debug|Any CPU
		{08FBF546-FD2F-4C9E-9249-1A501F913F6D}.Debug|x86.Build.0 = Debug|Any CPU
		{08FBF546-FD2F-4C9E-9249-1A501F913F6D}.Release|Any CPU.ActiveCfg = Release|Any CPU
		{08FBF546-FD2F-4C9E-9249-1A501F913F6D}.Release|Any CPU.Build.0 = Release|Any CPU
		{08FBF546-FD2F-4C9E-9249-1A501F913F6D}.Release|x64.ActiveCfg = Release|Any CPU
		{08FBF546-FD2F-4C9E-9249-1A501F913F6D}.Release|x64.Build.0 = Release|Any CPU
		{08FBF546-FD2F-4C9E-9249-1A501F913F6D}.Release|x86.ActiveCfg = Release|Any CPU
		{08FBF546-FD2F-4C9E-9249-1A501F913F6D}.Release|x86.Build.0 = Release|Any CPU
		{AB1EEA67-EEC5-4C5F-BA08-E3DE0D59E4F9}.Debug|Any CPU.ActiveCfg = Debug|Any CPU
		{AB1EEA67-EEC5-4C5F-BA08-E3DE0D59E4F9}.Debug|Any CPU.Build.0 = Debug|Any CPU
		{AB1EEA67-EEC5-4C5F-BA08-E3DE0D59E4F9}.Debug|x64.ActiveCfg = Debug|Any CPU
		{AB1EEA67-EEC5-4C5F-BA08-E3DE0D59E4F9}.Debug|x64.Build.0 = Debug|Any CPU
		{AB1EEA67-EEC5-4C5F-BA08-E3DE0D59E4F9}.Debug|x86.ActiveCfg = Debug|Any CPU
		{AB1EEA67-EEC5-4C5F-BA08-E3DE0D59E4F9}.Debug|x86.Build.0 = Debug|Any CPU
		{AB1EEA67-EEC5-4C5F-BA08-E3DE0D59E4F9}.Release|Any CPU.ActiveCfg = Release|Any CPU
		{AB1EEA67-EEC5-4C5F-BA08-E3DE0D59E4F9}.Release|Any CPU.Build.0 = Release|Any CPU
		{AB1EEA67-EEC5-4C5F-BA08-E3DE0D59E4F9}.Release|x64.ActiveCfg = Release|Any CPU
		{AB1EEA67-EEC5-4C5F-BA08-E3DE0D59E4F9}.Release|x64.Build.0 = Release|Any CPU
		{AB1EEA67-EEC5-4C5F-BA08-E3DE0D59E4F9}.Release|x86.ActiveCfg = Release|Any CPU
		{AB1EEA67-EEC5-4C5F-BA08-E3DE0D59E4F9}.Release|x86.Build.0 = Release|Any CPU
		{613F9A4F-1A74-4840-A276-0F9C71EF1AED}.Debug|Any CPU.ActiveCfg = Debug|Any CPU
		{613F9A4F-1A74-4840-A276-0F9C71EF1AED}.Debug|Any CPU.Build.0 = Debug|Any CPU
		{613F9A4F-1A74-4840-A276-0F9C71EF1AED}.Debug|x64.ActiveCfg = Debug|Any CPU
		{613F9A4F-1A74-4840-A276-0F9C71EF1AED}.Debug|x64.Build.0 = Debug|Any CPU
		{613F9A4F-1A74-4840-A276-0F9C71EF1AED}.Debug|x86.ActiveCfg = Debug|Any CPU
		{613F9A4F-1A74-4840-A276-0F9C71EF1AED}.Debug|x86.Build.0 = Debug|Any CPU
		{613F9A4F-1A74-4840-A276-0F9C71EF1AED}.Release|Any CPU.ActiveCfg = Release|Any CPU
		{613F9A4F-1A74-4840-A276-0F9C71EF1AED}.Release|Any CPU.Build.0 = Release|Any CPU
		{613F9A4F-1A74-4840-A276-0F9C71EF1AED}.Release|x64.ActiveCfg = Release|Any CPU
		{613F9A4F-1A74-4840-A276-0F9C71EF1AED}.Release|x64.Build.0 = Release|Any CPU
		{613F9A4F-1A74-4840-A276-0F9C71EF1AED}.Release|x86.ActiveCfg = Release|Any CPU
		{613F9A4F-1A74-4840-A276-0F9C71EF1AED}.Release|x86.Build.0 = Release|Any CPU
		{7093D897-74F5-4A95-9FEB-DA3AB894C027}.Debug|Any CPU.ActiveCfg = Debug|Any CPU
		{7093D897-74F5-4A95-9FEB-DA3AB894C027}.Debug|Any CPU.Build.0 = Debug|Any CPU
		{7093D897-74F5-4A95-9FEB-DA3AB894C027}.Debug|x64.ActiveCfg = Debug|Any CPU
		{7093D897-74F5-4A95-9FEB-DA3AB894C027}.Debug|x64.Build.0 = Debug|Any CPU
		{7093D897-74F5-4A95-9FEB-DA3AB894C027}.Debug|x86.ActiveCfg = Debug|Any CPU
		{7093D897-74F5-4A95-9FEB-DA3AB894C027}.Debug|x86.Build.0 = Debug|Any CPU
		{7093D897-74F5-4A95-9FEB-DA3AB894C027}.Release|Any CPU.ActiveCfg = Release|Any CPU
		{7093D897-74F5-4A95-9FEB-DA3AB894C027}.Release|Any CPU.Build.0 = Release|Any CPU
		{7093D897-74F5-4A95-9FEB-DA3AB894C027}.Release|x64.ActiveCfg = Release|Any CPU
		{7093D897-74F5-4A95-9FEB-DA3AB894C027}.Release|x64.Build.0 = Release|Any CPU
		{7093D897-74F5-4A95-9FEB-DA3AB894C027}.Release|x86.ActiveCfg = Release|Any CPU
		{7093D897-74F5-4A95-9FEB-DA3AB894C027}.Release|x86.Build.0 = Release|Any CPU
		{478DFA09-FD1F-44C3-941B-3F6D50B50CF3}.Debug|Any CPU.ActiveCfg = Debug|Any CPU
		{478DFA09-FD1F-44C3-941B-3F6D50B50CF3}.Debug|Any CPU.Build.0 = Debug|Any CPU
		{478DFA09-FD1F-44C3-941B-3F6D50B50CF3}.Debug|x64.ActiveCfg = Debug|Any CPU
		{478DFA09-FD1F-44C3-941B-3F6D50B50CF3}.Debug|x64.Build.0 = Debug|Any CPU
		{478DFA09-FD1F-44C3-941B-3F6D50B50CF3}.Debug|x86.ActiveCfg = Debug|Any CPU
		{478DFA09-FD1F-44C3-941B-3F6D50B50CF3}.Debug|x86.Build.0 = Debug|Any CPU
		{478DFA09-FD1F-44C3-941B-3F6D50B50CF3}.Release|Any CPU.ActiveCfg = Release|Any CPU
		{478DFA09-FD1F-44C3-941B-3F6D50B50CF3}.Release|Any CPU.Build.0 = Release|Any CPU
		{478DFA09-FD1F-44C3-941B-3F6D50B50CF3}.Release|x64.ActiveCfg = Release|Any CPU
		{478DFA09-FD1F-44C3-941B-3F6D50B50CF3}.Release|x64.Build.0 = Release|Any CPU
		{478DFA09-FD1F-44C3-941B-3F6D50B50CF3}.Release|x86.ActiveCfg = Release|Any CPU
		{478DFA09-FD1F-44C3-941B-3F6D50B50CF3}.Release|x86.Build.0 = Release|Any CPU
		{35AD7276-0CDC-4D53-AD7A-6491C6394839}.Debug|Any CPU.ActiveCfg = Debug|Any CPU
		{35AD7276-0CDC-4D53-AD7A-6491C6394839}.Debug|Any CPU.Build.0 = Debug|Any CPU
		{35AD7276-0CDC-4D53-AD7A-6491C6394839}.Debug|x64.ActiveCfg = Debug|Any CPU
		{35AD7276-0CDC-4D53-AD7A-6491C6394839}.Debug|x64.Build.0 = Debug|Any CPU
		{35AD7276-0CDC-4D53-AD7A-6491C6394839}.Debug|x86.ActiveCfg = Debug|Any CPU
		{35AD7276-0CDC-4D53-AD7A-6491C6394839}.Debug|x86.Build.0 = Debug|Any CPU
		{35AD7276-0CDC-4D53-AD7A-6491C6394839}.Release|Any CPU.ActiveCfg = Release|Any CPU
		{35AD7276-0CDC-4D53-AD7A-6491C6394839}.Release|Any CPU.Build.0 = Release|Any CPU
		{35AD7276-0CDC-4D53-AD7A-6491C6394839}.Release|x64.ActiveCfg = Release|Any CPU
		{35AD7276-0CDC-4D53-AD7A-6491C6394839}.Release|x64.Build.0 = Release|Any CPU
		{35AD7276-0CDC-4D53-AD7A-6491C6394839}.Release|x86.ActiveCfg = Release|Any CPU
		{35AD7276-0CDC-4D53-AD7A-6491C6394839}.Release|x86.Build.0 = Release|Any CPU
		{77BF40CF-9C28-478F-AE89-A4C2C84E806F}.Debug|Any CPU.ActiveCfg = Debug|Any CPU
		{77BF40CF-9C28-478F-AE89-A4C2C84E806F}.Debug|Any CPU.Build.0 = Debug|Any CPU
		{77BF40CF-9C28-478F-AE89-A4C2C84E806F}.Debug|x64.ActiveCfg = Debug|Any CPU
		{77BF40CF-9C28-478F-AE89-A4C2C84E806F}.Debug|x64.Build.0 = Debug|Any CPU
		{77BF40CF-9C28-478F-AE89-A4C2C84E806F}.Debug|x86.ActiveCfg = Debug|Any CPU
		{77BF40CF-9C28-478F-AE89-A4C2C84E806F}.Debug|x86.Build.0 = Debug|Any CPU
		{77BF40CF-9C28-478F-AE89-A4C2C84E806F}.Release|Any CPU.ActiveCfg = Release|Any CPU
		{77BF40CF-9C28-478F-AE89-A4C2C84E806F}.Release|Any CPU.Build.0 = Release|Any CPU
		{77BF40CF-9C28-478F-AE89-A4C2C84E806F}.Release|x64.ActiveCfg = Release|Any CPU
		{77BF40CF-9C28-478F-AE89-A4C2C84E806F}.Release|x64.Build.0 = Release|Any CPU
		{77BF40CF-9C28-478F-AE89-A4C2C84E806F}.Release|x86.ActiveCfg = Release|Any CPU
		{77BF40CF-9C28-478F-AE89-A4C2C84E806F}.Release|x86.Build.0 = Release|Any CPU
		{4F8D0A21-3C0C-41CE-9E52-D1CFA54CE77F}.Debug|Any CPU.ActiveCfg = Debug|Any CPU
		{4F8D0A21-3C0C-41CE-9E52-D1CFA54CE77F}.Debug|Any CPU.Build.0 = Debug|Any CPU
		{4F8D0A21-3C0C-41CE-9E52-D1CFA54CE77F}.Debug|x64.ActiveCfg = Debug|Any CPU
		{4F8D0A21-3C0C-41CE-9E52-D1CFA54CE77F}.Debug|x64.Build.0 = Debug|Any CPU
		{4F8D0A21-3C0C-41CE-9E52-D1CFA54CE77F}.Debug|x86.ActiveCfg = Debug|Any CPU
		{4F8D0A21-3C0C-41CE-9E52-D1CFA54CE77F}.Debug|x86.Build.0 = Debug|Any CPU
		{4F8D0A21-3C0C-41CE-9E52-D1CFA54CE77F}.Release|Any CPU.ActiveCfg = Release|Any CPU
		{4F8D0A21-3C0C-41CE-9E52-D1CFA54CE77F}.Release|Any CPU.Build.0 = Release|Any CPU
		{4F8D0A21-3C0C-41CE-9E52-D1CFA54CE77F}.Release|x64.ActiveCfg = Release|Any CPU
		{4F8D0A21-3C0C-41CE-9E52-D1CFA54CE77F}.Release|x64.Build.0 = Release|Any CPU
		{4F8D0A21-3C0C-41CE-9E52-D1CFA54CE77F}.Release|x86.ActiveCfg = Release|Any CPU
		{4F8D0A21-3C0C-41CE-9E52-D1CFA54CE77F}.Release|x86.Build.0 = Release|Any CPU
		{AAAD8DED-25C8-4F05-97A9-588D2AA1BA6A}.Debug|Any CPU.ActiveCfg = Debug|Any CPU
		{AAAD8DED-25C8-4F05-97A9-588D2AA1BA6A}.Debug|Any CPU.Build.0 = Debug|Any CPU
		{AAAD8DED-25C8-4F05-97A9-588D2AA1BA6A}.Debug|x64.ActiveCfg = Debug|Any CPU
		{AAAD8DED-25C8-4F05-97A9-588D2AA1BA6A}.Debug|x64.Build.0 = Debug|Any CPU
		{AAAD8DED-25C8-4F05-97A9-588D2AA1BA6A}.Debug|x86.ActiveCfg = Debug|Any CPU
		{AAAD8DED-25C8-4F05-97A9-588D2AA1BA6A}.Debug|x86.Build.0 = Debug|Any CPU
		{AAAD8DED-25C8-4F05-97A9-588D2AA1BA6A}.Release|Any CPU.ActiveCfg = Release|Any CPU
		{AAAD8DED-25C8-4F05-97A9-588D2AA1BA6A}.Release|Any CPU.Build.0 = Release|Any CPU
		{AAAD8DED-25C8-4F05-97A9-588D2AA1BA6A}.Release|x64.ActiveCfg = Release|Any CPU
		{AAAD8DED-25C8-4F05-97A9-588D2AA1BA6A}.Release|x64.Build.0 = Release|Any CPU
		{AAAD8DED-25C8-4F05-97A9-588D2AA1BA6A}.Release|x86.ActiveCfg = Release|Any CPU
		{AAAD8DED-25C8-4F05-97A9-588D2AA1BA6A}.Release|x86.Build.0 = Release|Any CPU
		{17DF7C02-FB38-4A82-8F9A-8A0BCA537707}.Debug|Any CPU.ActiveCfg = Debug|Any CPU
		{17DF7C02-FB38-4A82-8F9A-8A0BCA537707}.Debug|Any CPU.Build.0 = Debug|Any CPU
		{17DF7C02-FB38-4A82-8F9A-8A0BCA537707}.Debug|x64.ActiveCfg = Debug|Any CPU
		{17DF7C02-FB38-4A82-8F9A-8A0BCA537707}.Debug|x64.Build.0 = Debug|Any CPU
		{17DF7C02-FB38-4A82-8F9A-8A0BCA537707}.Debug|x86.ActiveCfg = Debug|Any CPU
		{17DF7C02-FB38-4A82-8F9A-8A0BCA537707}.Debug|x86.Build.0 = Debug|Any CPU
		{17DF7C02-FB38-4A82-8F9A-8A0BCA537707}.Release|Any CPU.ActiveCfg = Release|Any CPU
		{17DF7C02-FB38-4A82-8F9A-8A0BCA537707}.Release|Any CPU.Build.0 = Release|Any CPU
		{17DF7C02-FB38-4A82-8F9A-8A0BCA537707}.Release|x64.ActiveCfg = Release|Any CPU
		{17DF7C02-FB38-4A82-8F9A-8A0BCA537707}.Release|x64.Build.0 = Release|Any CPU
		{17DF7C02-FB38-4A82-8F9A-8A0BCA537707}.Release|x86.ActiveCfg = Release|Any CPU
		{17DF7C02-FB38-4A82-8F9A-8A0BCA537707}.Release|x86.Build.0 = Release|Any CPU
		{31E78788-417D-48FC-9FC0-49AF63466E7E}.Debug|Any CPU.ActiveCfg = Debug|Any CPU
		{31E78788-417D-48FC-9FC0-49AF63466E7E}.Debug|Any CPU.Build.0 = Debug|Any CPU
		{31E78788-417D-48FC-9FC0-49AF63466E7E}.Debug|x64.ActiveCfg = Debug|Any CPU
		{31E78788-417D-48FC-9FC0-49AF63466E7E}.Debug|x64.Build.0 = Debug|Any CPU
		{31E78788-417D-48FC-9FC0-49AF63466E7E}.Debug|x86.ActiveCfg = Debug|Any CPU
		{31E78788-417D-48FC-9FC0-49AF63466E7E}.Debug|x86.Build.0 = Debug|Any CPU
		{31E78788-417D-48FC-9FC0-49AF63466E7E}.Release|Any CPU.ActiveCfg = Release|Any CPU
		{31E78788-417D-48FC-9FC0-49AF63466E7E}.Release|Any CPU.Build.0 = Release|Any CPU
		{31E78788-417D-48FC-9FC0-49AF63466E7E}.Release|x64.ActiveCfg = Release|Any CPU
		{31E78788-417D-48FC-9FC0-49AF63466E7E}.Release|x64.Build.0 = Release|Any CPU
		{31E78788-417D-48FC-9FC0-49AF63466E7E}.Release|x86.ActiveCfg = Release|Any CPU
		{31E78788-417D-48FC-9FC0-49AF63466E7E}.Release|x86.Build.0 = Release|Any CPU
		{F2D964E4-C111-4568-A568-D65E4983D538}.Debug|Any CPU.ActiveCfg = Debug|Any CPU
		{F2D964E4-C111-4568-A568-D65E4983D538}.Debug|Any CPU.Build.0 = Debug|Any CPU
		{F2D964E4-C111-4568-A568-D65E4983D538}.Debug|x64.ActiveCfg = Debug|Any CPU
		{F2D964E4-C111-4568-A568-D65E4983D538}.Debug|x64.Build.0 = Debug|Any CPU
		{F2D964E4-C111-4568-A568-D65E4983D538}.Debug|x86.ActiveCfg = Debug|Any CPU
		{F2D964E4-C111-4568-A568-D65E4983D538}.Debug|x86.Build.0 = Debug|Any CPU
		{F2D964E4-C111-4568-A568-D65E4983D538}.Release|Any CPU.ActiveCfg = Release|Any CPU
		{F2D964E4-C111-4568-A568-D65E4983D538}.Release|Any CPU.Build.0 = Release|Any CPU
		{F2D964E4-C111-4568-A568-D65E4983D538}.Release|x64.ActiveCfg = Release|Any CPU
		{F2D964E4-C111-4568-A568-D65E4983D538}.Release|x64.Build.0 = Release|Any CPU
		{F2D964E4-C111-4568-A568-D65E4983D538}.Release|x86.ActiveCfg = Release|Any CPU
		{F2D964E4-C111-4568-A568-D65E4983D538}.Release|x86.Build.0 = Release|Any CPU
	EndGlobalSection
	GlobalSection(SolutionProperties) = preSolution
		HideSolutionNode = FALSE
	EndGlobalSection
	GlobalSection(NestedProjects) = preSolution
		{57860CA2-0054-465E-BD1E-024FF8D81354} = {56555FB0-B513-49EF-9002-A5AF135EA090}
		{FE64EA2A-841F-49D7-94C6-BB7E50FC972D} = {FC89E9B9-1723-4328-B6F1-00EE62E6260F}
		{8CA6707B-A381-4131-909F-50D592953588} = {56555FB0-B513-49EF-9002-A5AF135EA090}
		{AB306D1E-2942-4297-ACC3-2975FB8BF18F} = {56555FB0-B513-49EF-9002-A5AF135EA090}
		{F1E80A4A-241C-496D-92D6-B047A0EAF030} = {56555FB0-B513-49EF-9002-A5AF135EA090}
		{AEEAB66C-8B62-4844-A721-1FA49E82FDEB} = {56555FB0-B513-49EF-9002-A5AF135EA090}
		{5B78F61E-B52C-4920-BE97-42AADFAA726F} = {FC89E9B9-1723-4328-B6F1-00EE62E6260F}
		{5314C734-E722-4454-A772-D0F4641E1563} = {56555FB0-B513-49EF-9002-A5AF135EA090}
		{A6659FD2-5F11-432B-91B7-C64EAEAF669C} = {FC89E9B9-1723-4328-B6F1-00EE62E6260F}
		{FD645D4C-9DC8-4603-A77B-8A4782F175F4} = {56555FB0-B513-49EF-9002-A5AF135EA090}
		{A4527295-4BEE-4E42-8855-B0503A4515E4} = {FC89E9B9-1723-4328-B6F1-00EE62E6260F}
		{E90B0337-37CA-401C-997C-05DD11E08FEF} = {56555FB0-B513-49EF-9002-A5AF135EA090}
		{22097A4D-261D-4F21-8080-10B4DAAC9E01} = {FC89E9B9-1723-4328-B6F1-00EE62E6260F}
		{EE7C6CDA-F919-4078-81DB-E4BA7F7DE34A} = {56555FB0-B513-49EF-9002-A5AF135EA090}
		{E41ECA72-68B0-4B1B-8A47-39C0E5DA9B94} = {FC89E9B9-1723-4328-B6F1-00EE62E6260F}
		{AD575FD0-3F7B-4CA3-B802-9430C0F61A42} = {56555FB0-B513-49EF-9002-A5AF135EA090}
		{8B9BEF41-B5E2-4B56-AA43-F83249D4E639} = {FC89E9B9-1723-4328-B6F1-00EE62E6260F}
		{EBA30F52-B7DA-4B32-BE4F-6914145E2447} = {56555FB0-B513-49EF-9002-A5AF135EA090}
		{6A95C2D3-3B32-4612-A909-2F2AC223416E} = {FC89E9B9-1723-4328-B6F1-00EE62E6260F}
		{DA216DFF-5EC8-4F02-9D0A-3D49212D6903} = {56555FB0-B513-49EF-9002-A5AF135EA090}
		{2BBC2988-4C3C-45B7-9EA6-F47A23260F32} = {FC89E9B9-1723-4328-B6F1-00EE62E6260F}
		{2A373E5B-4048-4E70-99EE-2676D2DA9952} = {56555FB0-B513-49EF-9002-A5AF135EA090}
		{DB34DF8E-3B5B-44CC-9245-AD79F3198BD3} = {FC89E9B9-1723-4328-B6F1-00EE62E6260F}
		{CEAA82FA-127F-47C2-B25F-5588FB63F7D1} = {56555FB0-B513-49EF-9002-A5AF135EA090}
		{FCEEAC1F-D3CF-4C18-9CA3-2288B5DFAA14} = {FC89E9B9-1723-4328-B6F1-00EE62E6260F}
		{571B250E-E17D-4CD6-8778-52B838EB9DA0} = {56555FB0-B513-49EF-9002-A5AF135EA090}
		{526B06CA-4937-44F2-97FB-E85680DD7867} = {FC89E9B9-1723-4328-B6F1-00EE62E6260F}
		{24D704DB-AB81-4F18-899C-910E8D45FC8B} = {56555FB0-B513-49EF-9002-A5AF135EA090}
		{05E10AD6-94B3-4761-95E4-1F19E14F36D1} = {FC89E9B9-1723-4328-B6F1-00EE62E6260F}
		{8CB5085F-5996-490C-90EC-022AB4AD9CBC} = {56555FB0-B513-49EF-9002-A5AF135EA090}
		{9E3CBBE1-9A1A-4C1C-817C-28D383D18384} = {56555FB0-B513-49EF-9002-A5AF135EA090}
		{D3BFAA25-E460-4EC1-A60C-C183775DE8CC} = {56555FB0-B513-49EF-9002-A5AF135EA090}
		{FC964C5F-0F80-4EDF-97E8-A4A20DE5492D} = {56555FB0-B513-49EF-9002-A5AF135EA090}
		{80DD908F-E015-4FD0-93AA-743A22E745EE} = {56555FB0-B513-49EF-9002-A5AF135EA090}
		{AE78C877-CE90-425B-BDDE-4951C6C3B577} = {56555FB0-B513-49EF-9002-A5AF135EA090}
		{0333D249-02A9-47AD-BDA6-5FD7ABF7F066} = {56555FB0-B513-49EF-9002-A5AF135EA090}
		{FA0DDC17-5730-4310-A421-7668B21E1CDD} = {56555FB0-B513-49EF-9002-A5AF135EA090}
		{EC3E5278-8120-4A67-A57B-B7DE5211E12A} = {56555FB0-B513-49EF-9002-A5AF135EA090}
		{4D0AE262-0F9B-4E15-B5EA-6CCB0B81FE2C} = {56555FB0-B513-49EF-9002-A5AF135EA090}
		{7BEA7878-B5BA-4480-BC56-2F7B836F64B9} = {56555FB0-B513-49EF-9002-A5AF135EA090}
		{38FFE1DF-4B49-40C1-9908-51860BCF2D3E} = {56555FB0-B513-49EF-9002-A5AF135EA090}
		{83C963FD-DC23-46E8-9545-F56197164810} = {56555FB0-B513-49EF-9002-A5AF135EA090}
		{A4340A7D-A580-4D1E-832F-32DAD9C86DF7} = {56555FB0-B513-49EF-9002-A5AF135EA090}
		{1FAA4D67-8D51-45F3-80CB-D43004EA2702} = {A4340A7D-A580-4D1E-832F-32DAD9C86DF7}
		{2B9107EC-AF68-4FC4-AA1C-79218032F9EA} = {56555FB0-B513-49EF-9002-A5AF135EA090}
		{77542A9C-B731-4DB3-A0C6-69ED9737AFC6} = {56555FB0-B513-49EF-9002-A5AF135EA090}
		{9C8AB5AA-226D-45AC-A453-3D56C3DE26B5} = {30C35181-E060-43C9-A81B-C9EBE8EA44B2}
		{F6914FC7-95DD-4E68-8C94-F9340D8A4396} = {30C35181-E060-43C9-A81B-C9EBE8EA44B2}
		{02D6FD4C-EDAA-48ED-98E4-5A168E3F8BDB} = {30C35181-E060-43C9-A81B-C9EBE8EA44B2}
		{B619B322-E8B2-4327-ADEE-9528CC8746E8} = {30C35181-E060-43C9-A81B-C9EBE8EA44B2}
		{FA23A537-6B8A-4FCD-8A89-6EC1556B6E59} = {56555FB0-B513-49EF-9002-A5AF135EA090}
		{960C5BA2-F949-4D54-BE00-18D90B7D3FEA} = {56555FB0-B513-49EF-9002-A5AF135EA090}
		{0B238891-B87C-48E8-821C-36FCA3B4DB9E} = {56555FB0-B513-49EF-9002-A5AF135EA090}
		{79074C1B-34B8-4F11-B014-DCD138B45F04} = {E963CB90-33CD-46DB-96F3-FD648E18CA00}
		{83344912-FB20-4828-9DF1-A2849E6C1BD0} = {E963CB90-33CD-46DB-96F3-FD648E18CA00}
		{C9E13023-04F4-4E8A-8391-9ED39D2B031C} = {30C35181-E060-43C9-A81B-C9EBE8EA44B2}
		{593FA20F-0D2E-436F-8043-E6FED962189E} = {E963CB90-33CD-46DB-96F3-FD648E18CA00}
		{17659D67-13E0-4743-BCE6-156AB2262C39} = {FBD8261F-4A5C-4B97-A16F-6A232B77AC5F}
		{71A6E9B6-7551-47A2-91FD-5265C519C1E8} = {30C35181-E060-43C9-A81B-C9EBE8EA44B2}
		{15D2C8B2-EE42-4E9E-8505-C1C693B7FE4D} = {FBD8261F-4A5C-4B97-A16F-6A232B77AC5F}
		{C7541651-3C8C-4E22-92B0-A56C2DF94486} = {FBD8261F-4A5C-4B97-A16F-6A232B77AC5F}
		{08FBF546-FD2F-4C9E-9249-1A501F913F6D} = {30C35181-E060-43C9-A81B-C9EBE8EA44B2}
		{AB1EEA67-EEC5-4C5F-BA08-E3DE0D59E4F9} = {FBD8261F-4A5C-4B97-A16F-6A232B77AC5F}
		{613F9A4F-1A74-4840-A276-0F9C71EF1AED} = {30C35181-E060-43C9-A81B-C9EBE8EA44B2}
		{7093D897-74F5-4A95-9FEB-DA3AB894C027} = {30C35181-E060-43C9-A81B-C9EBE8EA44B2}
		{478DFA09-FD1F-44C3-941B-3F6D50B50CF3} = {FBD8261F-4A5C-4B97-A16F-6A232B77AC5F}
		{35AD7276-0CDC-4D53-AD7A-6491C6394839} = {FA30C7D3-AD06-41E8-8CA4-E4C93659A93F}
		{AAAD8DED-25C8-4F05-97A9-588D2AA1BA6A} = {23FF1552-7FE4-47A1-9463-484345682900}
	EndGlobalSection
	GlobalSection(ExtensibilityGlobals) = postSolution
		SolutionGuid = {472C4E02-6741-4711-AD81-172C8C1B81C9}
	EndGlobalSection
EndGlobal
